// !$*UTF8*$!
{
	archiveVersion = 1;
	classes = {
	};
	objectVersion = 48;
	objects = {

/* Begin PBXBuildFile section */
		7F075BF0F98BA0965CFECDC8 /* Pods_IMGPickerManagerDemo.framework in Frameworks */ = {isa = PBXBuildFile; fileRef = 7BB366CD5C271A3A3E2A2B53 /* Pods_IMGPickerManagerDemo.framework */; };
		8424F9EC2071CF61007E5B36 /* AppDelegate.m in Sources */ = {isa = PBXBuildFile; fileRef = 8424F9EB2071CF61007E5B36 /* AppDelegate.m */; };
		8424F9EF2071CF61007E5B36 /* ViewController.m in Sources */ = {isa = PBXBuildFile; fileRef = 8424F9EE2071CF61007E5B36 /* ViewController.m */; };
		8424F9F22071CF61007E5B36 /* Main.storyboard in Resources */ = {isa = PBXBuildFile; fileRef = 8424F9F02071CF61007E5B36 /* Main.storyboard */; };
		8424F9F42071CF61007E5B36 /* Assets.xcassets in Resources */ = {isa = PBXBuildFile; fileRef = 8424F9F32071CF61007E5B36 /* Assets.xcassets */; };
		8424F9F72071CF61007E5B36 /* LaunchScreen.storyboard in Resources */ = {isa = PBXBuildFile; fileRef = 8424F9F52071CF61007E5B36 /* LaunchScreen.storyboard */; };
		8424F9FA2071CF61007E5B36 /* main.m in Sources */ = {isa = PBXBuildFile; fileRef = 8424F9F92071CF61007E5B36 /* main.m */; };
		8424FA042071CF61007E5B36 /* IMGPickerManagerDemoTests.m in Sources */ = {isa = PBXBuildFile; fileRef = 8424FA032071CF61007E5B36 /* IMGPickerManagerDemoTests.m */; };
		8424FA0F2071CF61007E5B36 /* IMGPickerManagerDemoUITests.m in Sources */ = {isa = PBXBuildFile; fileRef = 8424FA0E2071CF61007E5B36 /* IMGPickerManagerDemoUITests.m */; };
		8424FA5B2071D01E007E5B36 /* ic_close_white@2x.png in Resources */ = {isa = PBXBuildFile; fileRef = 8424FA452071D01E007E5B36 /* ic_close_white@2x.png */; };
		8424FA5D2071D01E007E5B36 /* ic_photo_choosesel@2x.png in Resources */ = {isa = PBXBuildFile; fileRef = 8424FA472071D01E007E5B36 /* ic_photo_choosesel@2x.png */; };
		8424FA5F2071D01E007E5B36 /* ic_photo_close@2x.png in Resources */ = {isa = PBXBuildFile; fileRef = 8424FA492071D01E007E5B36 /* ic_photo_close@2x.png */; };
		8424FA6420720363007E5B36 /* take_photo@2x.png in Resources */ = {isa = PBXBuildFile; fileRef = 8424FA6220720363007E5B36 /* take_photo@2x.png */; };
		84903DBF208F0D5F00269B51 /* UIView+SuitableSize.m in Sources */ = {isa = PBXBuildFile; fileRef = 84903DBE208F0D5F00269B51 /* UIView+SuitableSize.m */; };
		84903DC2208F239D00269B51 /* IMG3DTouchViewController.m in Sources */ = {isa = PBXBuildFile; fileRef = 84903DC1208F239D00269B51 /* IMG3DTouchViewController.m */; };
		84AC1CB32084A531001AA758 /* SaveFileViewController.m in Sources */ = {isa = PBXBuildFile; fileRef = 84AC1CB22084A531001AA758 /* SaveFileViewController.m */; };
		84AC1CB62084A7EF001AA758 /* SettingViewController.m in Sources */ = {isa = PBXBuildFile; fileRef = 84AC1CB52084A7EF001AA758 /* SettingViewController.m */; };
		DA159D97208338640080C50A /* play@2x.png in Resources */ = {isa = PBXBuildFile; fileRef = DA159D95208338640080C50A /* play@2x.png */; };
		DA32C3482088C9270080A8CA /* IMGConfigManager.m in Sources */ = {isa = PBXBuildFile; fileRef = DA32C3272088C9240080A8CA /* IMGConfigManager.m */; };
		DA32C3492088C9270080A8CA /* IMGPhotoManager.m in Sources */ = {isa = PBXBuildFile; fileRef = DA32C32B2088C9240080A8CA /* IMGPhotoManager.m */; };
		DA32C34A2088C9270080A8CA /* IMGPickerBottomBar.m in Sources */ = {isa = PBXBuildFile; fileRef = DA32C32D2088C9240080A8CA /* IMGPickerBottomBar.m */; };
		DA32C34B2088C9270080A8CA /* IMGPickerTopBar.m in Sources */ = {isa = PBXBuildFile; fileRef = DA32C32F2088C9240080A8CA /* IMGPickerTopBar.m */; };
		DA32C34C2088C9270080A8CA /* PHAssetCollection+Category.m in Sources */ = {isa = PBXBuildFile; fileRef = DA32C3312088C9240080A8CA /* PHAssetCollection+Category.m */; };
		DA32C34D2088C9270080A8CA /* IMGPreviewCell.m in Sources */ = {isa = PBXBuildFile; fileRef = DA32C3362088C9250080A8CA /* IMGPreviewCell.m */; };
		DA32C34E2088C9270080A8CA /* IMGPlayerManager.m in Sources */ = {isa = PBXBuildFile; fileRef = DA32C3382088C9250080A8CA /* IMGPlayerManager.m */; };
		DA32C34F2088C9270080A8CA /* IMGPickerManager.m in Sources */ = {isa = PBXBuildFile; fileRef = DA32C3392088C9250080A8CA /* IMGPickerManager.m */; };
		DA32C3502088C9270080A8CA /* IMGCameraCell.m in Sources */ = {isa = PBXBuildFile; fileRef = DA32C33B2088C9250080A8CA /* IMGCameraCell.m */; };
		DA32C3512088C9270080A8CA /* IMGPickerFlowLayout.m in Sources */ = {isa = PBXBuildFile; fileRef = DA32C33C2088C9260080A8CA /* IMGPickerFlowLayout.m */; };
		DA32C3522088C9270080A8CA /* IMGPickerController.m in Sources */ = {isa = PBXBuildFile; fileRef = DA32C33E2088C9260080A8CA /* IMGPickerController.m */; };
		DA32C3532088C9270080A8CA /* IMGPreviewController.m in Sources */ = {isa = PBXBuildFile; fileRef = DA32C3412088C9260080A8CA /* IMGPreviewController.m */; };
		DA32C3542088C9270080A8CA /* IMGPickerThumbCell.m in Sources */ = {isa = PBXBuildFile; fileRef = DA32C3422088C9260080A8CA /* IMGPickerThumbCell.m */; };
		DA32C3552088C9270080A8CA /* PHAsset+IMGProperty.m in Sources */ = {isa = PBXBuildFile; fileRef = DA32C3442088C9270080A8CA /* PHAsset+IMGProperty.m */; };
		DA32C3562088C9270080A8CA /* IMGPreviewOperationView.m in Sources */ = {isa = PBXBuildFile; fileRef = DA32C3462088C9270080A8CA /* IMGPreviewOperationView.m */; };
		DA32C3572088C9270080A8CA /* IMGPickerAlbumsCell.m in Sources */ = {isa = PBXBuildFile; fileRef = DA32C3472088C9270080A8CA /* IMGPickerAlbumsCell.m */; };
		DA32C35C2088C9340080A8CA /* UIImage+animatedGIF.m in Sources */ = {isa = PBXBuildFile; fileRef = DA32C3582088C9330080A8CA /* UIImage+animatedGIF.m */; };
		DA32C35D2088C9340080A8CA /* UIViewController+FYAlert.m in Sources */ = {isa = PBXBuildFile; fileRef = DA32C35A2088C9330080A8CA /* UIViewController+FYAlert.m */; };
		DA797DB32089C63400B187D1 /* IMGPickerManager.podspec in Resources */ = {isa = PBXBuildFile; fileRef = DA797DB22089C63400B187D1 /* IMGPickerManager.podspec */; };
/* End PBXBuildFile section */

/* Begin PBXContainerItemProxy section */
		8424FA002071CF61007E5B36 /* PBXContainerItemProxy */ = {
			isa = PBXContainerItemProxy;
			containerPortal = 8424F9DF2071CF61007E5B36 /* Project object */;
			proxyType = 1;
			remoteGlobalIDString = 8424F9E62071CF61007E5B36;
			remoteInfo = IMGPickerManagerDemo;
		};
		8424FA0B2071CF61007E5B36 /* PBXContainerItemProxy */ = {
			isa = PBXContainerItemProxy;
			containerPortal = 8424F9DF2071CF61007E5B36 /* Project object */;
			proxyType = 1;
			remoteGlobalIDString = 8424F9E62071CF61007E5B36;
			remoteInfo = IMGPickerManagerDemo;
		};
/* End PBXContainerItemProxy section */

/* Begin PBXFileReference section */
		7BB366CD5C271A3A3E2A2B53 /* Pods_IMGPickerManagerDemo.framework */ = {isa = PBXFileReference; explicitFileType = wrapper.framework; includeInIndex = 0; path = Pods_IMGPickerManagerDemo.framework; sourceTree = BUILT_PRODUCTS_DIR; };
		8424F9E72071CF61007E5B36 /* IMGPickerManagerDemo.app */ = {isa = PBXFileReference; explicitFileType = wrapper.application; includeInIndex = 0; path = IMGPickerManagerDemo.app; sourceTree = BUILT_PRODUCTS_DIR; };
		8424F9EA2071CF61007E5B36 /* AppDelegate.h */ = {isa = PBXFileReference; lastKnownFileType = sourcecode.c.h; path = AppDelegate.h; sourceTree = "<group>"; };
		8424F9EB2071CF61007E5B36 /* AppDelegate.m */ = {isa = PBXFileReference; lastKnownFileType = sourcecode.c.objc; path = AppDelegate.m; sourceTree = "<group>"; };
		8424F9ED2071CF61007E5B36 /* ViewController.h */ = {isa = PBXFileReference; lastKnownFileType = sourcecode.c.h; path = ViewController.h; sourceTree = "<group>"; };
		8424F9EE2071CF61007E5B36 /* ViewController.m */ = {isa = PBXFileReference; lastKnownFileType = sourcecode.c.objc; path = ViewController.m; sourceTree = "<group>"; };
		8424F9F12071CF61007E5B36 /* Base */ = {isa = PBXFileReference; lastKnownFileType = file.storyboard; name = Base; path = Base.lproj/Main.storyboard; sourceTree = "<group>"; };
		8424F9F32071CF61007E5B36 /* Assets.xcassets */ = {isa = PBXFileReference; lastKnownFileType = folder.assetcatalog; path = Assets.xcassets; sourceTree = "<group>"; };
		8424F9F62071CF61007E5B36 /* Base */ = {isa = PBXFileReference; lastKnownFileType = file.storyboard; name = Base; path = Base.lproj/LaunchScreen.storyboard; sourceTree = "<group>"; };
		8424F9F82071CF61007E5B36 /* Info.plist */ = {isa = PBXFileReference; lastKnownFileType = text.plist.xml; path = Info.plist; sourceTree = "<group>"; };
		8424F9F92071CF61007E5B36 /* main.m */ = {isa = PBXFileReference; lastKnownFileType = sourcecode.c.objc; path = main.m; sourceTree = "<group>"; };
		8424F9FF2071CF61007E5B36 /* IMGPickerManagerDemoTests.xctest */ = {isa = PBXFileReference; explicitFileType = wrapper.cfbundle; includeInIndex = 0; path = IMGPickerManagerDemoTests.xctest; sourceTree = BUILT_PRODUCTS_DIR; };
		8424FA032071CF61007E5B36 /* IMGPickerManagerDemoTests.m */ = {isa = PBXFileReference; lastKnownFileType = sourcecode.c.objc; path = IMGPickerManagerDemoTests.m; sourceTree = "<group>"; };
		8424FA052071CF61007E5B36 /* Info.plist */ = {isa = PBXFileReference; lastKnownFileType = text.plist.xml; path = Info.plist; sourceTree = "<group>"; };
		8424FA0A2071CF61007E5B36 /* IMGPickerManagerDemoUITests.xctest */ = {isa = PBXFileReference; explicitFileType = wrapper.cfbundle; includeInIndex = 0; path = IMGPickerManagerDemoUITests.xctest; sourceTree = BUILT_PRODUCTS_DIR; };
		8424FA0E2071CF61007E5B36 /* IMGPickerManagerDemoUITests.m */ = {isa = PBXFileReference; lastKnownFileType = sourcecode.c.objc; path = IMGPickerManagerDemoUITests.m; sourceTree = "<group>"; };
		8424FA102071CF61007E5B36 /* Info.plist */ = {isa = PBXFileReference; lastKnownFileType = text.plist.xml; path = Info.plist; sourceTree = "<group>"; };
		8424FA452071D01E007E5B36 /* ic_close_white@2x.png */ = {isa = PBXFileReference; lastKnownFileType = image.png; path = "ic_close_white@2x.png"; sourceTree = "<group>"; };
		8424FA472071D01E007E5B36 /* ic_photo_choosesel@2x.png */ = {isa = PBXFileReference; lastKnownFileType = image.png; path = "ic_photo_choosesel@2x.png"; sourceTree = "<group>"; };
		8424FA492071D01E007E5B36 /* ic_photo_close@2x.png */ = {isa = PBXFileReference; lastKnownFileType = image.png; path = "ic_photo_close@2x.png"; sourceTree = "<group>"; };
		8424FA6220720363007E5B36 /* take_photo@2x.png */ = {isa = PBXFileReference; lastKnownFileType = image.png; path = "take_photo@2x.png"; sourceTree = "<group>"; };
		8487A054208EDD3F00F290B0 /* IMGPikcerHeader.h */ = {isa = PBXFileReference; lastKnownFileType = sourcecode.c.h; path = IMGPikcerHeader.h; sourceTree = "<group>"; };
		84903DB9208F081900269B51 /* IMGRotateProtocol.h */ = {isa = PBXFileReference; lastKnownFileType = sourcecode.c.h; path = IMGRotateProtocol.h; sourceTree = "<group>"; };
		84903DBD208F0D5F00269B51 /* UIView+SuitableSize.h */ = {isa = PBXFileReference; lastKnownFileType = sourcecode.c.h; path = "UIView+SuitableSize.h"; sourceTree = "<group>"; };
		84903DBE208F0D5F00269B51 /* UIView+SuitableSize.m */ = {isa = PBXFileReference; lastKnownFileType = sourcecode.c.objc; path = "UIView+SuitableSize.m"; sourceTree = "<group>"; };
		84903DC0208F239D00269B51 /* IMG3DTouchViewController.h */ = {isa = PBXFileReference; lastKnownFileType = sourcecode.c.h; path = IMG3DTouchViewController.h; sourceTree = "<group>"; };
		84903DC1208F239D00269B51 /* IMG3DTouchViewController.m */ = {isa = PBXFileReference; lastKnownFileType = sourcecode.c.objc; path = IMG3DTouchViewController.m; sourceTree = "<group>"; };
		84AC1CB12084A531001AA758 /* SaveFileViewController.h */ = {isa = PBXFileReference; lastKnownFileType = sourcecode.c.h; path = SaveFileViewController.h; sourceTree = "<group>"; };
		84AC1CB22084A531001AA758 /* SaveFileViewController.m */ = {isa = PBXFileReference; lastKnownFileType = sourcecode.c.objc; path = SaveFileViewController.m; sourceTree = "<group>"; };
		84AC1CB42084A7EF001AA758 /* SettingViewController.h */ = {isa = PBXFileReference; lastKnownFileType = sourcecode.c.h; path = SettingViewController.h; sourceTree = "<group>"; };
		84AC1CB52084A7EF001AA758 /* SettingViewController.m */ = {isa = PBXFileReference; lastKnownFileType = sourcecode.c.objc; path = SettingViewController.m; sourceTree = "<group>"; };
		BA62300CF67A17135CC3F63F /* Pods-IMGPickerManagerDemo.release.xcconfig */ = {isa = PBXFileReference; includeInIndex = 1; lastKnownFileType = text.xcconfig; name = "Pods-IMGPickerManagerDemo.release.xcconfig"; path = "Pods/Target Support Files/Pods-IMGPickerManagerDemo/Pods-IMGPickerManagerDemo.release.xcconfig"; sourceTree = "<group>"; };
		DA159D95208338640080C50A /* play@2x.png */ = {isa = PBXFileReference; lastKnownFileType = image.png; path = "play@2x.png"; sourceTree = "<group>"; };
		DA32C3272088C9240080A8CA /* IMGConfigManager.m */ = {isa = PBXFileReference; fileEncoding = 4; lastKnownFileType = sourcecode.c.objc; path = IMGConfigManager.m; sourceTree = "<group>"; };
		DA32C3282088C9240080A8CA /* IMGPickerController.h */ = {isa = PBXFileReference; fileEncoding = 4; lastKnownFileType = sourcecode.c.h; path = IMGPickerController.h; sourceTree = "<group>"; };
		DA32C3292088C9240080A8CA /* IMGPreviewCell.h */ = {isa = PBXFileReference; fileEncoding = 4; lastKnownFileType = sourcecode.c.h; path = IMGPreviewCell.h; sourceTree = "<group>"; };
		DA32C32A2088C9240080A8CA /* IMGPickerAlbumsCell.h */ = {isa = PBXFileReference; fileEncoding = 4; lastKnownFileType = sourcecode.c.h; path = IMGPickerAlbumsCell.h; sourceTree = "<group>"; };
		DA32C32B2088C9240080A8CA /* IMGPhotoManager.m */ = {isa = PBXFileReference; fileEncoding = 4; lastKnownFileType = sourcecode.c.objc; path = IMGPhotoManager.m; sourceTree = "<group>"; };
		DA32C32C2088C9240080A8CA /* IMGPlayerManager.h */ = {isa = PBXFileReference; fileEncoding = 4; lastKnownFileType = sourcecode.c.h; path = IMGPlayerManager.h; sourceTree = "<group>"; };
		DA32C32D2088C9240080A8CA /* IMGPickerBottomBar.m */ = {isa = PBXFileReference; fileEncoding = 4; lastKnownFileType = sourcecode.c.objc; path = IMGPickerBottomBar.m; sourceTree = "<group>"; };
		DA32C32E2088C9240080A8CA /* IMGPickerBottomBar.h */ = {isa = PBXFileReference; fileEncoding = 4; lastKnownFileType = sourcecode.c.h; path = IMGPickerBottomBar.h; sourceTree = "<group>"; };
		DA32C32F2088C9240080A8CA /* IMGPickerTopBar.m */ = {isa = PBXFileReference; fileEncoding = 4; lastKnownFileType = sourcecode.c.objc; path = IMGPickerTopBar.m; sourceTree = "<group>"; };
		DA32C3302088C9240080A8CA /* PHAssetCollection+Category.h */ = {isa = PBXFileReference; fileEncoding = 4; lastKnownFileType = sourcecode.c.h; path = "PHAssetCollection+Category.h"; sourceTree = "<group>"; };
		DA32C3312088C9240080A8CA /* PHAssetCollection+Category.m */ = {isa = PBXFileReference; fileEncoding = 4; lastKnownFileType = sourcecode.c.objc; path = "PHAssetCollection+Category.m"; sourceTree = "<group>"; };
		DA32C3322088C9250080A8CA /* IMGPhotoManager.h */ = {isa = PBXFileReference; fileEncoding = 4; lastKnownFileType = sourcecode.c.h; path = IMGPhotoManager.h; sourceTree = "<group>"; };
		DA32C3332088C9250080A8CA /* PHAsset+IMGProperty.h */ = {isa = PBXFileReference; fileEncoding = 4; lastKnownFileType = sourcecode.c.h; path = "PHAsset+IMGProperty.h"; sourceTree = "<group>"; };
		DA32C3342088C9250080A8CA /* IMGCameraCell.h */ = {isa = PBXFileReference; fileEncoding = 4; lastKnownFileType = sourcecode.c.h; path = IMGCameraCell.h; sourceTree = "<group>"; };
		DA32C3352088C9250080A8CA /* IMGConfigManager.h */ = {isa = PBXFileReference; fileEncoding = 4; lastKnownFileType = sourcecode.c.h; path = IMGConfigManager.h; sourceTree = "<group>"; };
		DA32C3362088C9250080A8CA /* IMGPreviewCell.m */ = {isa = PBXFileReference; fileEncoding = 4; lastKnownFileType = sourcecode.c.objc; path = IMGPreviewCell.m; sourceTree = "<group>"; };
		DA32C3372088C9250080A8CA /* IMGPickerThumbCell.h */ = {isa = PBXFileReference; fileEncoding = 4; lastKnownFileType = sourcecode.c.h; path = IMGPickerThumbCell.h; sourceTree = "<group>"; };
		DA32C3382088C9250080A8CA /* IMGPlayerManager.m */ = {isa = PBXFileReference; fileEncoding = 4; lastKnownFileType = sourcecode.c.objc; path = IMGPlayerManager.m; sourceTree = "<group>"; };
		DA32C3392088C9250080A8CA /* IMGPickerManager.m */ = {isa = PBXFileReference; fileEncoding = 4; lastKnownFileType = sourcecode.c.objc; path = IMGPickerManager.m; sourceTree = "<group>"; };
		DA32C33A2088C9250080A8CA /* IMGPreviewController.h */ = {isa = PBXFileReference; fileEncoding = 4; lastKnownFileType = sourcecode.c.h; path = IMGPreviewController.h; sourceTree = "<group>"; };
		DA32C33B2088C9250080A8CA /* IMGCameraCell.m */ = {isa = PBXFileReference; fileEncoding = 4; lastKnownFileType = sourcecode.c.objc; path = IMGCameraCell.m; sourceTree = "<group>"; };
		DA32C33C2088C9260080A8CA /* IMGPickerFlowLayout.m */ = {isa = PBXFileReference; fileEncoding = 4; lastKnownFileType = sourcecode.c.objc; path = IMGPickerFlowLayout.m; sourceTree = "<group>"; };
		DA32C33E2088C9260080A8CA /* IMGPickerController.m */ = {isa = PBXFileReference; fileEncoding = 4; lastKnownFileType = sourcecode.c.objc; path = IMGPickerController.m; sourceTree = "<group>"; };
		DA32C33F2088C9260080A8CA /* IMGPickerTopBar.h */ = {isa = PBXFileReference; fileEncoding = 4; lastKnownFileType = sourcecode.c.h; path = IMGPickerTopBar.h; sourceTree = "<group>"; };
		DA32C3402088C9260080A8CA /* IMGPickerFlowLayout.h */ = {isa = PBXFileReference; fileEncoding = 4; lastKnownFileType = sourcecode.c.h; path = IMGPickerFlowLayout.h; sourceTree = "<group>"; };
		DA32C3412088C9260080A8CA /* IMGPreviewController.m */ = {isa = PBXFileReference; fileEncoding = 4; lastKnownFileType = sourcecode.c.objc; path = IMGPreviewController.m; sourceTree = "<group>"; };
		DA32C3422088C9260080A8CA /* IMGPickerThumbCell.m */ = {isa = PBXFileReference; fileEncoding = 4; lastKnownFileType = sourcecode.c.objc; path = IMGPickerThumbCell.m; sourceTree = "<group>"; };
		DA32C3432088C9270080A8CA /* IMGPreviewOperationView.h */ = {isa = PBXFileReference; fileEncoding = 4; lastKnownFileType = sourcecode.c.h; path = IMGPreviewOperationView.h; sourceTree = "<group>"; };
		DA32C3442088C9270080A8CA /* PHAsset+IMGProperty.m */ = {isa = PBXFileReference; fileEncoding = 4; lastKnownFileType = sourcecode.c.objc; path = "PHAsset+IMGProperty.m"; sourceTree = "<group>"; };
		DA32C3452088C9270080A8CA /* IMGPickerManager.h */ = {isa = PBXFileReference; fileEncoding = 4; lastKnownFileType = sourcecode.c.h; path = IMGPickerManager.h; sourceTree = "<group>"; };
		DA32C3462088C9270080A8CA /* IMGPreviewOperationView.m */ = {isa = PBXFileReference; fileEncoding = 4; lastKnownFileType = sourcecode.c.objc; path = IMGPreviewOperationView.m; sourceTree = "<group>"; };
		DA32C3472088C9270080A8CA /* IMGPickerAlbumsCell.m */ = {isa = PBXFileReference; fileEncoding = 4; lastKnownFileType = sourcecode.c.objc; path = IMGPickerAlbumsCell.m; sourceTree = "<group>"; };
		DA32C3582088C9330080A8CA /* UIImage+animatedGIF.m */ = {isa = PBXFileReference; fileEncoding = 4; lastKnownFileType = sourcecode.c.objc; path = "UIImage+animatedGIF.m"; sourceTree = "<group>"; };
		DA32C3592088C9330080A8CA /* UIImage+animatedGIF.h */ = {isa = PBXFileReference; fileEncoding = 4; lastKnownFileType = sourcecode.c.h; path = "UIImage+animatedGIF.h"; sourceTree = "<group>"; };
		DA32C35A2088C9330080A8CA /* UIViewController+FYAlert.m */ = {isa = PBXFileReference; fileEncoding = 4; lastKnownFileType = sourcecode.c.objc; path = "UIViewController+FYAlert.m"; sourceTree = "<group>"; };
		DA32C35B2088C9330080A8CA /* UIViewController+FYAlert.h */ = {isa = PBXFileReference; fileEncoding = 4; lastKnownFileType = sourcecode.c.h; path = "UIViewController+FYAlert.h"; sourceTree = "<group>"; };
		DA797DB22089C63400B187D1 /* IMGPickerManager.podspec */ = {isa = PBXFileReference; fileEncoding = 4; lastKnownFileType = text; name = IMGPickerManager.podspec; path = ../IMGPickerManager.podspec; sourceTree = "<group>"; };
		FA75A19E00CEE7D4A73F8833 /* Pods-IMGPickerManagerDemo.debug.xcconfig */ = {isa = PBXFileReference; includeInIndex = 1; lastKnownFileType = text.xcconfig; name = "Pods-IMGPickerManagerDemo.debug.xcconfig"; path = "Pods/Target Support Files/Pods-IMGPickerManagerDemo/Pods-IMGPickerManagerDemo.debug.xcconfig"; sourceTree = "<group>"; };
/* End PBXFileReference section */

/* Begin PBXFrameworksBuildPhase section */
		8424F9E42071CF61007E5B36 /* Frameworks */ = {
			isa = PBXFrameworksBuildPhase;
			buildActionMask = 2147483647;
			files = (
				7F075BF0F98BA0965CFECDC8 /* Pods_IMGPickerManagerDemo.framework in Frameworks */,
			);
			runOnlyForDeploymentPostprocessing = 0;
		};
		8424F9FC2071CF61007E5B36 /* Frameworks */ = {
			isa = PBXFrameworksBuildPhase;
			buildActionMask = 2147483647;
			files = (
			);
			runOnlyForDeploymentPostprocessing = 0;
		};
		8424FA072071CF61007E5B36 /* Frameworks */ = {
			isa = PBXFrameworksBuildPhase;
			buildActionMask = 2147483647;
			files = (
			);
			runOnlyForDeploymentPostprocessing = 0;
		};
/* End PBXFrameworksBuildPhase section */

/* Begin PBXGroup section */
		779905BA3CF66D15A6E69EF5 /* Pods */ = {
			isa = PBXGroup;
			children = (
				FA75A19E00CEE7D4A73F8833 /* Pods-IMGPickerManagerDemo.debug.xcconfig */,
				BA62300CF67A17135CC3F63F /* Pods-IMGPickerManagerDemo.release.xcconfig */,
			);
			name = Pods;
			sourceTree = "<group>";
		};
		8424F9DE2071CF61007E5B36 = {
			isa = PBXGroup;
			children = (
				DA797DB22089C63400B187D1 /* IMGPickerManager.podspec */,
				8424FA1C2071D01D007E5B36 /* IMGPickerManager */,
				8424F9E92071CF61007E5B36 /* IMGPickerManagerDemo */,
				8424FA022071CF61007E5B36 /* IMGPickerManagerDemoTests */,
				8424FA0D2071CF61007E5B36 /* IMGPickerManagerDemoUITests */,
				8424F9E82071CF61007E5B36 /* Products */,
				779905BA3CF66D15A6E69EF5 /* Pods */,
				91FDBEFEF429656478BFF6E6 /* Frameworks */,
			);
			sourceTree = "<group>";
		};
		8424F9E82071CF61007E5B36 /* Products */ = {
			isa = PBXGroup;
			children = (
				8424F9E72071CF61007E5B36 /* IMGPickerManagerDemo.app */,
				8424F9FF2071CF61007E5B36 /* IMGPickerManagerDemoTests.xctest */,
				8424FA0A2071CF61007E5B36 /* IMGPickerManagerDemoUITests.xctest */,
			);
			name = Products;
			sourceTree = "<group>";
		};
		8424F9E92071CF61007E5B36 /* IMGPickerManagerDemo */ = {
			isa = PBXGroup;
			children = (
				8424F9EA2071CF61007E5B36 /* AppDelegate.h */,
				8424F9EB2071CF61007E5B36 /* AppDelegate.m */,
				8424F9ED2071CF61007E5B36 /* ViewController.h */,
				8424F9EE2071CF61007E5B36 /* ViewController.m */,
				84AC1CB42084A7EF001AA758 /* SettingViewController.h */,
				84AC1CB52084A7EF001AA758 /* SettingViewController.m */,
				84AC1CB12084A531001AA758 /* SaveFileViewController.h */,
				84AC1CB22084A531001AA758 /* SaveFileViewController.m */,
				8424F9F02071CF61007E5B36 /* Main.storyboard */,
				8424F9F32071CF61007E5B36 /* Assets.xcassets */,
				8424F9F52071CF61007E5B36 /* LaunchScreen.storyboard */,
				8424F9F82071CF61007E5B36 /* Info.plist */,
				8424F9F92071CF61007E5B36 /* main.m */,
			);
			path = IMGPickerManagerDemo;
			sourceTree = "<group>";
		};
		8424FA022071CF61007E5B36 /* IMGPickerManagerDemoTests */ = {
			isa = PBXGroup;
			children = (
				8424FA032071CF61007E5B36 /* IMGPickerManagerDemoTests.m */,
				8424FA052071CF61007E5B36 /* Info.plist */,
			);
			path = IMGPickerManagerDemoTests;
			sourceTree = "<group>";
		};
		8424FA0D2071CF61007E5B36 /* IMGPickerManagerDemoUITests */ = {
			isa = PBXGroup;
			children = (
				8424FA0E2071CF61007E5B36 /* IMGPickerManagerDemoUITests.m */,
				8424FA102071CF61007E5B36 /* Info.plist */,
			);
			path = IMGPickerManagerDemoUITests;
			sourceTree = "<group>";
		};
		8424FA1C2071D01D007E5B36 /* IMGPickerManager */ = {
			isa = PBXGroup;
			children = (
				8487A054208EDD3F00F290B0 /* IMGPikcerHeader.h */,
				84903DB9208F081900269B51 /* IMGRotateProtocol.h */,
				DA32C3352088C9250080A8CA /* IMGConfigManager.h */,
				DA32C3272088C9240080A8CA /* IMGConfigManager.m */,
				DA32C3322088C9250080A8CA /* IMGPhotoManager.h */,
				DA32C32B2088C9240080A8CA /* IMGPhotoManager.m */,
				DA32C3282088C9240080A8CA /* IMGPickerController.h */,
				DA32C33E2088C9260080A8CA /* IMGPickerController.m */,
				84903DC0208F239D00269B51 /* IMG3DTouchViewController.h */,
				84903DC1208F239D00269B51 /* IMG3DTouchViewController.m */,
				DA32C33A2088C9250080A8CA /* IMGPreviewController.h */,
				DA32C3412088C9260080A8CA /* IMGPreviewController.m */,
				DA32C3342088C9250080A8CA /* IMGCameraCell.h */,
				DA32C33B2088C9250080A8CA /* IMGCameraCell.m */,
				DA32C3372088C9250080A8CA /* IMGPickerThumbCell.h */,
				DA32C3422088C9260080A8CA /* IMGPickerThumbCell.m */,
				DA32C32A2088C9240080A8CA /* IMGPickerAlbumsCell.h */,
				DA32C3472088C9270080A8CA /* IMGPickerAlbumsCell.m */,
				DA32C32E2088C9240080A8CA /* IMGPickerBottomBar.h */,
				DA32C32D2088C9240080A8CA /* IMGPickerBottomBar.m */,
				DA32C3402088C9260080A8CA /* IMGPickerFlowLayout.h */,
				DA32C33C2088C9260080A8CA /* IMGPickerFlowLayout.m */,
				DA32C3452088C9270080A8CA /* IMGPickerManager.h */,
				DA32C3392088C9250080A8CA /* IMGPickerManager.m */,
				DA32C33F2088C9260080A8CA /* IMGPickerTopBar.h */,
				DA32C32F2088C9240080A8CA /* IMGPickerTopBar.m */,
				DA32C32C2088C9240080A8CA /* IMGPlayerManager.h */,
				DA32C3382088C9250080A8CA /* IMGPlayerManager.m */,
				DA32C3292088C9240080A8CA /* IMGPreviewCell.h */,
				DA32C3362088C9250080A8CA /* IMGPreviewCell.m */,
				DA32C3432088C9270080A8CA /* IMGPreviewOperationView.h */,
				DA32C3462088C9270080A8CA /* IMGPreviewOperationView.m */,
				DA32C3592088C9330080A8CA /* UIImage+animatedGIF.h */,
				DA32C3582088C9330080A8CA /* UIImage+animatedGIF.m */,
				84903DBD208F0D5F00269B51 /* UIView+SuitableSize.h */,
				84903DBE208F0D5F00269B51 /* UIView+SuitableSize.m */,
				DA32C35B2088C9330080A8CA /* UIViewController+FYAlert.h */,
				DA32C35A2088C9330080A8CA /* UIViewController+FYAlert.m */,
				DA32C3332088C9250080A8CA /* PHAsset+IMGProperty.h */,
				DA32C3442088C9270080A8CA /* PHAsset+IMGProperty.m */,
				DA32C3302088C9240080A8CA /* PHAssetCollection+Category.h */,
				DA32C3312088C9240080A8CA /* PHAssetCollection+Category.m */,
				8424FA442071D01E007E5B36 /* Resources */,
			);
			path = IMGPickerManager;
			sourceTree = "<group>";
		};
		8424FA442071D01E007E5B36 /* Resources */ = {
			isa = PBXGroup;
			children = (
				DA159D95208338640080C50A /* play@2x.png */,
				8424FA6220720363007E5B36 /* take_photo@2x.png */,
				8424FA452071D01E007E5B36 /* ic_close_white@2x.png */,
				8424FA472071D01E007E5B36 /* ic_photo_choosesel@2x.png */,
				8424FA492071D01E007E5B36 /* ic_photo_close@2x.png */,
			);
			path = Resources;
			sourceTree = "<group>";
		};
		91FDBEFEF429656478BFF6E6 /* Frameworks */ = {
			isa = PBXGroup;
			children = (
				7BB366CD5C271A3A3E2A2B53 /* Pods_IMGPickerManagerDemo.framework */,
			);
			name = Frameworks;
			sourceTree = "<group>";
		};
/* End PBXGroup section */

/* Begin PBXNativeTarget section */
		8424F9E62071CF61007E5B36 /* IMGPickerManagerDemo */ = {
			isa = PBXNativeTarget;
			buildConfigurationList = 8424FA132071CF61007E5B36 /* Build configuration list for PBXNativeTarget "IMGPickerManagerDemo" */;
			buildPhases = (
				4D92364E8D72B864B09C54EA /* [CP] Check Pods Manifest.lock */,
				8424F9E32071CF61007E5B36 /* Sources */,
				8424F9E42071CF61007E5B36 /* Frameworks */,
				8424F9E52071CF61007E5B36 /* Resources */,
				C47FBD6B7505B2B631777FD2 /* [CP] Embed Pods Frameworks */,
			);
			buildRules = (
			);
			dependencies = (
			);
			name = IMGPickerManagerDemo;
			productName = IMGPickerManagerDemo;
			productReference = 8424F9E72071CF61007E5B36 /* IMGPickerManagerDemo.app */;
			productType = "com.apple.product-type.application";
		};
		8424F9FE2071CF61007E5B36 /* IMGPickerManagerDemoTests */ = {
			isa = PBXNativeTarget;
			buildConfigurationList = 8424FA162071CF61007E5B36 /* Build configuration list for PBXNativeTarget "IMGPickerManagerDemoTests" */;
			buildPhases = (
				8424F9FB2071CF61007E5B36 /* Sources */,
				8424F9FC2071CF61007E5B36 /* Frameworks */,
				8424F9FD2071CF61007E5B36 /* Resources */,
			);
			buildRules = (
			);
			dependencies = (
				8424FA012071CF61007E5B36 /* PBXTargetDependency */,
			);
			name = IMGPickerManagerDemoTests;
			productName = IMGPickerManagerDemoTests;
			productReference = 8424F9FF2071CF61007E5B36 /* IMGPickerManagerDemoTests.xctest */;
			productType = "com.apple.product-type.bundle.unit-test";
		};
		8424FA092071CF61007E5B36 /* IMGPickerManagerDemoUITests */ = {
			isa = PBXNativeTarget;
			buildConfigurationList = 8424FA192071CF61007E5B36 /* Build configuration list for PBXNativeTarget "IMGPickerManagerDemoUITests" */;
			buildPhases = (
				8424FA062071CF61007E5B36 /* Sources */,
				8424FA072071CF61007E5B36 /* Frameworks */,
				8424FA082071CF61007E5B36 /* Resources */,
			);
			buildRules = (
			);
			dependencies = (
				8424FA0C2071CF61007E5B36 /* PBXTargetDependency */,
			);
			name = IMGPickerManagerDemoUITests;
			productName = IMGPickerManagerDemoUITests;
			productReference = 8424FA0A2071CF61007E5B36 /* IMGPickerManagerDemoUITests.xctest */;
			productType = "com.apple.product-type.bundle.ui-testing";
		};
/* End PBXNativeTarget section */

/* Begin PBXProject section */
		8424F9DF2071CF61007E5B36 /* Project object */ = {
			isa = PBXProject;
			attributes = {
				LastUpgradeCheck = 0920;
				ORGANIZATIONNAME = tongfangyuan;
				TargetAttributes = {
					8424F9E62071CF61007E5B36 = {
						CreatedOnToolsVersion = 9.2;
						ProvisioningStyle = Automatic;
					};
					8424F9FE2071CF61007E5B36 = {
						CreatedOnToolsVersion = 9.2;
						ProvisioningStyle = Automatic;
						TestTargetID = 8424F9E62071CF61007E5B36;
					};
					8424FA092071CF61007E5B36 = {
						CreatedOnToolsVersion = 9.2;
						ProvisioningStyle = Automatic;
						TestTargetID = 8424F9E62071CF61007E5B36;
					};
				};
			};
			buildConfigurationList = 8424F9E22071CF61007E5B36 /* Build configuration list for PBXProject "IMGPickerManagerDemo" */;
			compatibilityVersion = "Xcode 8.0";
			developmentRegion = en;
			hasScannedForEncodings = 0;
			knownRegions = (
				en,
				Base,
			);
			mainGroup = 8424F9DE2071CF61007E5B36;
			productRefGroup = 8424F9E82071CF61007E5B36 /* Products */;
			projectDirPath = "";
			projectRoot = "";
			targets = (
				8424F9E62071CF61007E5B36 /* IMGPickerManagerDemo */,
				8424F9FE2071CF61007E5B36 /* IMGPickerManagerDemoTests */,
				8424FA092071CF61007E5B36 /* IMGPickerManagerDemoUITests */,
			);
		};
/* End PBXProject section */

/* Begin PBXResourcesBuildPhase section */
		8424F9E52071CF61007E5B36 /* Resources */ = {
			isa = PBXResourcesBuildPhase;
			buildActionMask = 2147483647;
			files = (
				DA159D97208338640080C50A /* play@2x.png in Resources */,
				8424F9F72071CF61007E5B36 /* LaunchScreen.storyboard in Resources */,
				8424F9F42071CF61007E5B36 /* Assets.xcassets in Resources */,
				8424FA6420720363007E5B36 /* take_photo@2x.png in Resources */,
				8424F9F22071CF61007E5B36 /* Main.storyboard in Resources */,
				8424FA5F2071D01E007E5B36 /* ic_photo_close@2x.png in Resources */,
				8424FA5B2071D01E007E5B36 /* ic_close_white@2x.png in Resources */,
				DA797DB32089C63400B187D1 /* IMGPickerManager.podspec in Resources */,
				8424FA5D2071D01E007E5B36 /* ic_photo_choosesel@2x.png in Resources */,
			);
			runOnlyForDeploymentPostprocessing = 0;
		};
		8424F9FD2071CF61007E5B36 /* Resources */ = {
			isa = PBXResourcesBuildPhase;
			buildActionMask = 2147483647;
			files = (
			);
			runOnlyForDeploymentPostprocessing = 0;
		};
		8424FA082071CF61007E5B36 /* Resources */ = {
			isa = PBXResourcesBuildPhase;
			buildActionMask = 2147483647;
			files = (
			);
			runOnlyForDeploymentPostprocessing = 0;
		};
/* End PBXResourcesBuildPhase section */

/* Begin PBXShellScriptBuildPhase section */
		4D92364E8D72B864B09C54EA /* [CP] Check Pods Manifest.lock */ = {
			isa = PBXShellScriptBuildPhase;
			buildActionMask = 2147483647;
			files = (
			);
			inputPaths = (
				"${PODS_PODFILE_DIR_PATH}/Podfile.lock",
				"${PODS_ROOT}/Manifest.lock",
			);
			name = "[CP] Check Pods Manifest.lock";
			outputPaths = (
				"$(DERIVED_FILE_DIR)/Pods-IMGPickerManagerDemo-checkManifestLockResult.txt",
			);
			runOnlyForDeploymentPostprocessing = 0;
			shellPath = /bin/sh;
			shellScript = "diff \"${PODS_PODFILE_DIR_PATH}/Podfile.lock\" \"${PODS_ROOT}/Manifest.lock\" > /dev/null\nif [ $? != 0 ] ; then\n    # print error to STDERR\n    echo \"error: The sandbox is not in sync with the Podfile.lock. Run 'pod install' or update your CocoaPods installation.\" >&2\n    exit 1\nfi\n# This output is used by Xcode 'outputs' to avoid re-running this script phase.\necho \"SUCCESS\" > \"${SCRIPT_OUTPUT_FILE_0}\"\n";
			showEnvVarsInLog = 0;
		};
		C47FBD6B7505B2B631777FD2 /* [CP] Embed Pods Frameworks */ = {
			isa = PBXShellScriptBuildPhase;
			buildActionMask = 2147483647;
			files = (
			);
			inputPaths = (
				"${SRCROOT}/Pods/Target Support Files/Pods-IMGPickerManagerDemo/Pods-IMGPickerManagerDemo-frameworks.sh",
				"${BUILT_PRODUCTS_DIR}/Masonry/Masonry.framework",
			);
			name = "[CP] Embed Pods Frameworks";
			outputPaths = (
				"${TARGET_BUILD_DIR}/${FRAMEWORKS_FOLDER_PATH}/Masonry.framework",
			);
			runOnlyForDeploymentPostprocessing = 0;
			shellPath = /bin/sh;
			shellScript = "\"${SRCROOT}/Pods/Target Support Files/Pods-IMGPickerManagerDemo/Pods-IMGPickerManagerDemo-frameworks.sh\"\n";
			showEnvVarsInLog = 0;
		};
/* End PBXShellScriptBuildPhase section */

/* Begin PBXSourcesBuildPhase section */
		8424F9E32071CF61007E5B36 /* Sources */ = {
			isa = PBXSourcesBuildPhase;
			buildActionMask = 2147483647;
			files = (
				DA32C34F2088C9270080A8CA /* IMGPickerManager.m in Sources */,
				8424F9EF2071CF61007E5B36 /* ViewController.m in Sources */,
				DA32C3482088C9270080A8CA /* IMGConfigManager.m in Sources */,
				DA32C3512088C9270080A8CA /* IMGPickerFlowLayout.m in Sources */,
				DA32C3552088C9270080A8CA /* PHAsset+IMGProperty.m in Sources */,
				DA32C34E2088C9270080A8CA /* IMGPlayerManager.m in Sources */,
				84AC1CB62084A7EF001AA758 /* SettingViewController.m in Sources */,
				84AC1CB32084A531001AA758 /* SaveFileViewController.m in Sources */,
				DA32C34D2088C9270080A8CA /* IMGPreviewCell.m in Sources */,
				DA32C34C2088C9270080A8CA /* PHAssetCollection+Category.m in Sources */,
				DA32C34A2088C9270080A8CA /* IMGPickerBottomBar.m in Sources */,
				8424F9FA2071CF61007E5B36 /* main.m in Sources */,
				DA32C3502088C9270080A8CA /* IMGCameraCell.m in Sources */,
				84903DC2208F239D00269B51 /* IMG3DTouchViewController.m in Sources */,
				DA32C34B2088C9270080A8CA /* IMGPickerTopBar.m in Sources */,
				DA32C3492088C9270080A8CA /* IMGPhotoManager.m in Sources */,
				DA32C3542088C9270080A8CA /* IMGPickerThumbCell.m in Sources */,
				DA32C35D2088C9340080A8CA /* UIViewController+FYAlert.m in Sources */,
				DA32C3532088C9270080A8CA /* IMGPreviewController.m in Sources */,
				8424F9EC2071CF61007E5B36 /* AppDelegate.m in Sources */,
				DA32C3522088C9270080A8CA /* IMGPickerController.m in Sources */,
				DA32C35C2088C9340080A8CA /* UIImage+animatedGIF.m in Sources */,
				DA32C3562088C9270080A8CA /* IMGPreviewOperationView.m in Sources */,
				84903DBF208F0D5F00269B51 /* UIView+SuitableSize.m in Sources */,
				DA32C3572088C9270080A8CA /* IMGPickerAlbumsCell.m in Sources */,
			);
			runOnlyForDeploymentPostprocessing = 0;
		};
		8424F9FB2071CF61007E5B36 /* Sources */ = {
			isa = PBXSourcesBuildPhase;
			buildActionMask = 2147483647;
			files = (
				8424FA042071CF61007E5B36 /* IMGPickerManagerDemoTests.m in Sources */,
			);
			runOnlyForDeploymentPostprocessing = 0;
		};
		8424FA062071CF61007E5B36 /* Sources */ = {
			isa = PBXSourcesBuildPhase;
			buildActionMask = 2147483647;
			files = (
				8424FA0F2071CF61007E5B36 /* IMGPickerManagerDemoUITests.m in Sources */,
			);
			runOnlyForDeploymentPostprocessing = 0;
		};
/* End PBXSourcesBuildPhase section */

/* Begin PBXTargetDependency section */
		8424FA012071CF61007E5B36 /* PBXTargetDependency */ = {
			isa = PBXTargetDependency;
			target = 8424F9E62071CF61007E5B36 /* IMGPickerManagerDemo */;
			targetProxy = 8424FA002071CF61007E5B36 /* PBXContainerItemProxy */;
		};
		8424FA0C2071CF61007E5B36 /* PBXTargetDependency */ = {
			isa = PBXTargetDependency;
			target = 8424F9E62071CF61007E5B36 /* IMGPickerManagerDemo */;
			targetProxy = 8424FA0B2071CF61007E5B36 /* PBXContainerItemProxy */;
		};
/* End PBXTargetDependency section */

/* Begin PBXVariantGroup section */
		8424F9F02071CF61007E5B36 /* Main.storyboard */ = {
			isa = PBXVariantGroup;
			children = (
				8424F9F12071CF61007E5B36 /* Base */,
			);
			name = Main.storyboard;
			sourceTree = "<group>";
		};
		8424F9F52071CF61007E5B36 /* LaunchScreen.storyboard */ = {
			isa = PBXVariantGroup;
			children = (
				8424F9F62071CF61007E5B36 /* Base */,
			);
			name = LaunchScreen.storyboard;
			sourceTree = "<group>";
		};
/* End PBXVariantGroup section */

/* Begin XCBuildConfiguration section */
		8424FA112071CF61007E5B36 /* Debug */ = {
			isa = XCBuildConfiguration;
			buildSettings = {
				ALWAYS_SEARCH_USER_PATHS = NO;
				CLANG_ANALYZER_NONNULL = YES;
				CLANG_ANALYZER_NUMBER_OBJECT_CONVERSION = YES_AGGRESSIVE;
				CLANG_CXX_LANGUAGE_STANDARD = "gnu++14";
				CLANG_CXX_LIBRARY = "libc++";
				CLANG_ENABLE_MODULES = YES;
				CLANG_ENABLE_OBJC_ARC = YES;
				CLANG_WARN_BLOCK_CAPTURE_AUTORELEASING = YES;
				CLANG_WARN_BOOL_CONVERSION = YES;
				CLANG_WARN_COMMA = YES;
				CLANG_WARN_CONSTANT_CONVERSION = YES;
				CLANG_WARN_DIRECT_OBJC_ISA_USAGE = YES_ERROR;
				CLANG_WARN_DOCUMENTATION_COMMENTS = YES;
				CLANG_WARN_EMPTY_BODY = YES;
				CLANG_WARN_ENUM_CONVERSION = YES;
				CLANG_WARN_INFINITE_RECURSION = YES;
				CLANG_WARN_INT_CONVERSION = YES;
				CLANG_WARN_NON_LITERAL_NULL_CONVERSION = YES;
				CLANG_WARN_OBJC_LITERAL_CONVERSION = YES;
				CLANG_WARN_OBJC_ROOT_CLASS = YES_ERROR;
				CLANG_WARN_RANGE_LOOP_ANALYSIS = YES;
				CLANG_WARN_STRICT_PROTOTYPES = YES;
				CLANG_WARN_SUSPICIOUS_MOVE = YES;
				CLANG_WARN_UNGUARDED_AVAILABILITY = YES_AGGRESSIVE;
				CLANG_WARN_UNREACHABLE_CODE = YES;
				CLANG_WARN__DUPLICATE_METHOD_MATCH = YES;
				CODE_SIGN_IDENTITY = "iPhone Developer";
				COPY_PHASE_STRIP = NO;
				DEBUG_INFORMATION_FORMAT = dwarf;
				ENABLE_STRICT_OBJC_MSGSEND = YES;
				ENABLE_TESTABILITY = YES;
				GCC_C_LANGUAGE_STANDARD = gnu11;
				GCC_DYNAMIC_NO_PIC = NO;
				GCC_NO_COMMON_BLOCKS = YES;
				GCC_OPTIMIZATION_LEVEL = 0;
				GCC_PREPROCESSOR_DEFINITIONS = (
					"DEBUG=1",
					"$(inherited)",
				);
				GCC_WARN_64_TO_32_BIT_CONVERSION = YES;
				GCC_WARN_ABOUT_RETURN_TYPE = YES_ERROR;
				GCC_WARN_UNDECLARED_SELECTOR = YES;
				GCC_WARN_UNINITIALIZED_AUTOS = YES_AGGRESSIVE;
				GCC_WARN_UNUSED_FUNCTION = YES;
				GCC_WARN_UNUSED_VARIABLE = YES;
				IPHONEOS_DEPLOYMENT_TARGET = 11.2;
				MTL_ENABLE_DEBUG_INFO = YES;
				ONLY_ACTIVE_ARCH = YES;
				SDKROOT = iphoneos;
			};
			name = Debug;
		};
		8424FA122071CF61007E5B36 /* Release */ = {
			isa = XCBuildConfiguration;
			buildSettings = {
				ALWAYS_SEARCH_USER_PATHS = NO;
				CLANG_ANALYZER_NONNULL = YES;
				CLANG_ANALYZER_NUMBER_OBJECT_CONVERSION = YES_AGGRESSIVE;
				CLANG_CXX_LANGUAGE_STANDARD = "gnu++14";
				CLANG_CXX_LIBRARY = "libc++";
				CLANG_ENABLE_MODULES = YES;
				CLANG_ENABLE_OBJC_ARC = YES;
				CLANG_WARN_BLOCK_CAPTURE_AUTORELEASING = YES;
				CLANG_WARN_BOOL_CONVERSION = YES;
				CLANG_WARN_COMMA = YES;
				CLANG_WARN_CONSTANT_CONVERSION = YES;
				CLANG_WARN_DIRECT_OBJC_ISA_USAGE = YES_ERROR;
				CLANG_WARN_DOCUMENTATION_COMMENTS = YES;
				CLANG_WARN_EMPTY_BODY = YES;
				CLANG_WARN_ENUM_CONVERSION = YES;
				CLANG_WARN_INFINITE_RECURSION = YES;
				CLANG_WARN_INT_CONVERSION = YES;
				CLANG_WARN_NON_LITERAL_NULL_CONVERSION = YES;
				CLANG_WARN_OBJC_LITERAL_CONVERSION = YES;
				CLANG_WARN_OBJC_ROOT_CLASS = YES_ERROR;
				CLANG_WARN_RANGE_LOOP_ANALYSIS = YES;
				CLANG_WARN_STRICT_PROTOTYPES = YES;
				CLANG_WARN_SUSPICIOUS_MOVE = YES;
				CLANG_WARN_UNGUARDED_AVAILABILITY = YES_AGGRESSIVE;
				CLANG_WARN_UNREACHABLE_CODE = YES;
				CLANG_WARN__DUPLICATE_METHOD_MATCH = YES;
				CODE_SIGN_IDENTITY = "iPhone Developer";
				COPY_PHASE_STRIP = NO;
				DEBUG_INFORMATION_FORMAT = "dwarf-with-dsym";
				ENABLE_NS_ASSERTIONS = NO;
				ENABLE_STRICT_OBJC_MSGSEND = YES;
				GCC_C_LANGUAGE_STANDARD = gnu11;
				GCC_NO_COMMON_BLOCKS = YES;
				GCC_WARN_64_TO_32_BIT_CONVERSION = YES;
				GCC_WARN_ABOUT_RETURN_TYPE = YES_ERROR;
				GCC_WARN_UNDECLARED_SELECTOR = YES;
				GCC_WARN_UNINITIALIZED_AUTOS = YES_AGGRESSIVE;
				GCC_WARN_UNUSED_FUNCTION = YES;
				GCC_WARN_UNUSED_VARIABLE = YES;
				IPHONEOS_DEPLOYMENT_TARGET = 11.2;
				MTL_ENABLE_DEBUG_INFO = NO;
				SDKROOT = iphoneos;
				VALIDATE_PRODUCT = YES;
			};
			name = Release;
		};
		8424FA142071CF61007E5B36 /* Debug */ = {
			isa = XCBuildConfiguration;
			baseConfigurationReference = FA75A19E00CEE7D4A73F8833 /* Pods-IMGPickerManagerDemo.debug.xcconfig */;
			buildSettings = {
				ASSETCATALOG_COMPILER_APPICON_NAME = AppIcon;
				CODE_SIGN_STYLE = Automatic;
				DEVELOPMENT_TEAM = 393LMJAQ8W;
				INFOPLIST_FILE = IMGPickerManagerDemo/Info.plist;
				IPHONEOS_DEPLOYMENT_TARGET = 8.0;
				LD_RUNPATH_SEARCH_PATHS = "$(inherited) @executable_path/Frameworks";
				PRODUCT_BUNDLE_IDENTIFIER = com.demo.IMGPickerManagerDemo;
				PRODUCT_NAME = "$(TARGET_NAME)";
				TARGETED_DEVICE_FAMILY = "1,2";
			};
			name = Debug;
		};
		8424FA152071CF61007E5B36 /* Release */ = {
			isa = XCBuildConfiguration;
			baseConfigurationReference = BA62300CF67A17135CC3F63F /* Pods-IMGPickerManagerDemo.release.xcconfig */;
			buildSettings = {
				ASSETCATALOG_COMPILER_APPICON_NAME = AppIcon;
				CODE_SIGN_STYLE = Automatic;
				DEVELOPMENT_TEAM = 393LMJAQ8W;
				INFOPLIST_FILE = IMGPickerManagerDemo/Info.plist;
				IPHONEOS_DEPLOYMENT_TARGET = 8.0;
				LD_RUNPATH_SEARCH_PATHS = "$(inherited) @executable_path/Frameworks";
				PRODUCT_BUNDLE_IDENTIFIER = com.demo.IMGPickerManagerDemo;
				PRODUCT_NAME = "$(TARGET_NAME)";
				TARGETED_DEVICE_FAMILY = "1,2";
			};
			name = Release;
		};
		8424FA172071CF61007E5B36 /* Debug */ = {
			isa = XCBuildConfiguration;
			buildSettings = {
				BUNDLE_LOADER = "$(TEST_HOST)";
				CODE_SIGN_STYLE = Automatic;
				INFOPLIST_FILE = IMGPickerManagerDemoTests/Info.plist;
				LD_RUNPATH_SEARCH_PATHS = "$(inherited) @executable_path/Frameworks @loader_path/Frameworks";
				PRODUCT_BUNDLE_IDENTIFIER = com.demo.IMGPickerManagerDemoTests;
				PRODUCT_NAME = "$(TARGET_NAME)";
				TARGETED_DEVICE_FAMILY = "1,2";
				TEST_HOST = "$(BUILT_PRODUCTS_DIR)/IMGPickerManagerDemo.app/IMGPickerManagerDemo";
			};
			name = Debug;
		};
		8424FA182071CF61007E5B36 /* Release */ = {
			isa = XCBuildConfiguration;
			buildSettings = {
				BUNDLE_LOADER = "$(TEST_HOST)";
				CODE_SIGN_STYLE = Automatic;
				INFOPLIST_FILE = IMGPickerManagerDemoTests/Info.plist;
				LD_RUNPATH_SEARCH_PATHS = "$(inherited) @executable_path/Frameworks @loader_path/Frameworks";
				PRODUCT_BUNDLE_IDENTIFIER = com.demo.IMGPickerManagerDemoTests;
				PRODUCT_NAME = "$(TARGET_NAME)";
				TARGETED_DEVICE_FAMILY = "1,2";
				TEST_HOST = "$(BUILT_PRODUCTS_DIR)/IMGPickerManagerDemo.app/IMGPickerManagerDemo";
			};
			name = Release;
		};
		8424FA1A2071CF61007E5B36 /* Debug */ = {
			isa = XCBuildConfiguration;
			buildSettings = {
				CODE_SIGN_STYLE = Automatic;
				INFOPLIST_FILE = IMGPickerManagerDemoUITests/Info.plist;
				LD_RUNPATH_SEARCH_PATHS = "$(inherited) @executable_path/Frameworks @loader_path/Frameworks";
				PRODUCT_BUNDLE_IDENTIFIER = com.demo.IMGPickerManagerDemoUITests;
				PRODUCT_NAME = "$(TARGET_NAME)";
				TARGETED_DEVICE_FAMILY = "1,2";
				TEST_TARGET_NAME = IMGPickerManagerDemo;
			};
			name = Debug;
		};
		8424FA1B2071CF61007E5B36 /* Release */ = {
			isa = XCBuildConfiguration;
			buildSettings = {
				CODE_SIGN_STYLE = Automatic;
				INFOPLIST_FILE = IMGPickerManagerDemoUITests/Info.plist;
				LD_RUNPATH_SEARCH_PATHS = "$(inherited) @executable_path/Frameworks @loader_path/Frameworks";
				PRODUCT_BUNDLE_IDENTIFIER = com.demo.IMGPickerManagerDemoUITests;
				PRODUCT_NAME = "$(TARGET_NAME)";
				TARGETED_DEVICE_FAMILY = "1,2";
				TEST_TARGET_NAME = IMGPickerManagerDemo;
			};
			name = Release;
		};
/* End XCBuildConfiguration section */

/* Begin XCConfigurationList section */
		8424F9E22071CF61007E5B36 /* Build configuration list for PBXProject "IMGPickerManagerDemo" */ = {
			isa = XCConfigurationList;
			buildConfigurations = (
				8424FA112071CF61007E5B36 /* Debug */,
				8424FA122071CF61007E5B36 /* Release */,
			);
			defaultConfigurationIsVisible = 0;
			defaultConfigurationName = Release;
		};
		8424FA132071CF61007E5B36 /* Build configuration list for PBXNativeTarget "IMGPickerManagerDemo" */ = {
			isa = XCConfigurationList;
			buildConfigurations = (
				8424FA142071CF61007E5B36 /* Debug */,
				8424FA152071CF61007E5B36 /* Release */,
			);
			defaultConfigurationIsVisible = 0;
			defaultConfigurationName = Release;
		};
		8424FA162071CF61007E5B36 /* Build configuration list for PBXNativeTarget "IMGPickerManagerDemoTests" */ = {
			isa = XCConfigurationList;
			buildConfigurations = (
				8424FA172071CF61007E5B36 /* Debug */,
				8424FA182071CF61007E5B36 /* Release */,
			);
			defaultConfigurationIsVisible = 0;
			defaultConfigurationName = Release;
		};
		8424FA192071CF61007E5B36 /* Build configuration list for PBXNativeTarget "IMGPickerManagerDemoUITests" */ = {
			isa = XCConfigurationList;
			buildConfigurations = (
				8424FA1A2071CF61007E5B36 /* Debug */,
				8424FA1B2071CF61007E5B36 /* Release */,
			);
			defaultConfigurationIsVisible = 0;
			defaultConfigurationName = Release;
		};
/* End XCConfigurationList section */
	};
	rootObject = 8424F9DF2071CF61007E5B36 /* Project object */;
}
