// !$*UTF8*$!
{
	archiveVersion = 1;
	classes = {
	};
	objectVersion = 48;
	objects = {

/* Begin PBXBuildFile section */
		241C51D21FBC19FD008B2CC0 /* FYAlbumsCell.m in Sources */ = {isa = PBXBuildFile; fileRef = 241C51D11FBC19FD008B2CC0 /* FYAlbumsCell.m */; };
		241C51D51FBC4379008B2CC0 /* FYImagePrivewController.m in Sources */ = {isa = PBXBuildFile; fileRef = 241C51D41FBC4379008B2CC0 /* FYImagePrivewController.m */; };
		248C65A81FBD3D1400CFB7DE /* FYPrivewCell.m in Sources */ = {isa = PBXBuildFile; fileRef = 248C65A71FBD3D1400CFB7DE /* FYPrivewCell.m */; };
		248C65AB1FBD795600CFB7DE /* ic_close_white@3x.png in Resources */ = {isa = PBXBuildFile; fileRef = 248C65A91FBD795500CFB7DE /* ic_close_white@3x.png */; };
		248C65AC1FBD795600CFB7DE /* ic_close_white@2x.png in Resources */ = {isa = PBXBuildFile; fileRef = 248C65AA1FBD795600CFB7DE /* ic_close_white@2x.png */; };
		248C65AF1FBD79D300CFB7DE /* OperationView.m in Sources */ = {isa = PBXBuildFile; fileRef = 248C65AE1FBD79D300CFB7DE /* OperationView.m */; };
		248C65B21FBD8B1300CFB7DE /* mask_gray@2x.png in Resources */ = {isa = PBXBuildFile; fileRef = 248C65B01FBD8B1300CFB7DE /* mask_gray@2x.png */; };
		248C65B31FBD8B1300CFB7DE /* mask_gray@3x.png in Resources */ = {isa = PBXBuildFile; fileRef = 248C65B11FBD8B1300CFB7DE /* mask_gray@3x.png */; };
		24CC84D41FB96729009DE712 /* FYThumbCell.m in Sources */ = {isa = PBXBuildFile; fileRef = 24CC84D31FB96729009DE712 /* FYThumbCell.m */; };
		24CC84D71FB97293009DE712 /* FYAsset.m in Sources */ = {isa = PBXBuildFile; fileRef = 24CC84D61FB97293009DE712 /* FYAsset.m */; };
		24CC84DA1FBA9146009DE712 /* PickerTopBar.m in Sources */ = {isa = PBXBuildFile; fileRef = 24CC84D91FBA9146009DE712 /* PickerTopBar.m */; };
		24CC84E21FBA94DF009DE712 /* ic_photo_close@2x.png in Resources */ = {isa = PBXBuildFile; fileRef = 24CC84DC1FBA94DF009DE712 /* ic_photo_close@2x.png */; };
		24CC84E31FBA94DF009DE712 /* ic_photo_close@3x.png in Resources */ = {isa = PBXBuildFile; fileRef = 24CC84DD1FBA94DF009DE712 /* ic_photo_close@3x.png */; };
		24CC84EC1FBABC77009DE712 /* ic_photo_choosesel@3x.png in Resources */ = {isa = PBXBuildFile; fileRef = 24CC84E81FBABC77009DE712 /* ic_photo_choosesel@3x.png */; };
		24CC84ED1FBABC77009DE712 /* ic_photo_choosenor@3x.png in Resources */ = {isa = PBXBuildFile; fileRef = 24CC84E91FBABC77009DE712 /* ic_photo_choosenor@3x.png */; };
		24CC84EE1FBABC77009DE712 /* ic_photo_choosenor@2x.png in Resources */ = {isa = PBXBuildFile; fileRef = 24CC84EA1FBABC77009DE712 /* ic_photo_choosenor@2x.png */; };
		24CC84EF1FBABC77009DE712 /* ic_photo_choosesel@2x.png in Resources */ = {isa = PBXBuildFile; fileRef = 24CC84EB1FBABC77009DE712 /* ic_photo_choosesel@2x.png */; };
		24CC84F21FBAC520009DE712 /* PickerBottomBar.m in Sources */ = {isa = PBXBuildFile; fileRef = 24CC84F11FBAC520009DE712 /* PickerBottomBar.m */; };
		24E1722D1FB6F228004267BC /* AppDelegate.m in Sources */ = {isa = PBXBuildFile; fileRef = 24E1722C1FB6F228004267BC /* AppDelegate.m */; };
		24E172301FB6F228004267BC /* ViewController.m in Sources */ = {isa = PBXBuildFile; fileRef = 24E1722F1FB6F228004267BC /* ViewController.m */; };
		24E172331FB6F228004267BC /* Main.storyboard in Resources */ = {isa = PBXBuildFile; fileRef = 24E172311FB6F228004267BC /* Main.storyboard */; };
		24E172351FB6F228004267BC /* Assets.xcassets in Resources */ = {isa = PBXBuildFile; fileRef = 24E172341FB6F228004267BC /* Assets.xcassets */; };
		24E172381FB6F228004267BC /* LaunchScreen.storyboard in Resources */ = {isa = PBXBuildFile; fileRef = 24E172361FB6F228004267BC /* LaunchScreen.storyboard */; };
		24E1723B1FB6F228004267BC /* main.m in Sources */ = {isa = PBXBuildFile; fileRef = 24E1723A1FB6F228004267BC /* main.m */; };
		24E172451FB6F228004267BC /* FYImageManagerDemoTests.m in Sources */ = {isa = PBXBuildFile; fileRef = 24E172441FB6F228004267BC /* FYImageManagerDemoTests.m */; };
		24E172501FB6F228004267BC /* FYImageManagerDemoUITests.m in Sources */ = {isa = PBXBuildFile; fileRef = 24E1724F1FB6F228004267BC /* FYImageManagerDemoUITests.m */; };
		24E172611FB6F7D3004267BC /* FYImagePickerController.m in Sources */ = {isa = PBXBuildFile; fileRef = 24E172601FB6F7D3004267BC /* FYImagePickerController.m */; };
		24E172641FB6F812004267BC /* FYImageFlowLayout.m in Sources */ = {isa = PBXBuildFile; fileRef = 24E172631FB6F812004267BC /* FYImageFlowLayout.m */; };
/* End PBXBuildFile section */

/* Begin PBXContainerItemProxy section */
		24E172411FB6F228004267BC /* PBXContainerItemProxy */ = {
			isa = PBXContainerItemProxy;
			containerPortal = 24E172201FB6F227004267BC /* Project object */;
			proxyType = 1;
			remoteGlobalIDString = 24E172271FB6F227004267BC;
			remoteInfo = FYImageManagerDemo;
		};
		24E1724C1FB6F228004267BC /* PBXContainerItemProxy */ = {
			isa = PBXContainerItemProxy;
			containerPortal = 24E172201FB6F227004267BC /* Project object */;
			proxyType = 1;
			remoteGlobalIDString = 24E172271FB6F227004267BC;
			remoteInfo = FYImageManagerDemo;
		};
/* End PBXContainerItemProxy section */

/* Begin PBXFileReference section */
		241C51D01FBC19FD008B2CC0 /* FYAlbumsCell.h */ = {isa = PBXFileReference; lastKnownFileType = sourcecode.c.h; path = FYAlbumsCell.h; sourceTree = "<group>"; };
		241C51D11FBC19FD008B2CC0 /* FYAlbumsCell.m */ = {isa = PBXFileReference; lastKnownFileType = sourcecode.c.objc; path = FYAlbumsCell.m; sourceTree = "<group>"; };
		241C51D31FBC4379008B2CC0 /* FYImagePrivewController.h */ = {isa = PBXFileReference; lastKnownFileType = sourcecode.c.h; path = FYImagePrivewController.h; sourceTree = "<group>"; };
		241C51D41FBC4379008B2CC0 /* FYImagePrivewController.m */ = {isa = PBXFileReference; lastKnownFileType = sourcecode.c.objc; path = FYImagePrivewController.m; sourceTree = "<group>"; };
		248C65A61FBD3D1400CFB7DE /* FYPrivewCell.h */ = {isa = PBXFileReference; lastKnownFileType = sourcecode.c.h; path = FYPrivewCell.h; sourceTree = "<group>"; };
		248C65A71FBD3D1400CFB7DE /* FYPrivewCell.m */ = {isa = PBXFileReference; lastKnownFileType = sourcecode.c.objc; path = FYPrivewCell.m; sourceTree = "<group>"; };
		248C65A91FBD795500CFB7DE /* ic_close_white@3x.png */ = {isa = PBXFileReference; lastKnownFileType = image.png; path = "ic_close_white@3x.png"; sourceTree = "<group>"; };
		248C65AA1FBD795600CFB7DE /* ic_close_white@2x.png */ = {isa = PBXFileReference; lastKnownFileType = image.png; path = "ic_close_white@2x.png"; sourceTree = "<group>"; };
		248C65AD1FBD79D300CFB7DE /* OperationView.h */ = {isa = PBXFileReference; lastKnownFileType = sourcecode.c.h; path = OperationView.h; sourceTree = "<group>"; };
		248C65AE1FBD79D300CFB7DE /* OperationView.m */ = {isa = PBXFileReference; lastKnownFileType = sourcecode.c.objc; path = OperationView.m; sourceTree = "<group>"; };
		248C65B01FBD8B1300CFB7DE /* mask_gray@2x.png */ = {isa = PBXFileReference; lastKnownFileType = image.png; path = "mask_gray@2x.png"; sourceTree = "<group>"; };
		248C65B11FBD8B1300CFB7DE /* mask_gray@3x.png */ = {isa = PBXFileReference; lastKnownFileType = image.png; path = "mask_gray@3x.png"; sourceTree = "<group>"; };
		24CC84D21FB96729009DE712 /* FYThumbCell.h */ = {isa = PBXFileReference; lastKnownFileType = sourcecode.c.h; path = FYThumbCell.h; sourceTree = "<group>"; };
		24CC84D31FB96729009DE712 /* FYThumbCell.m */ = {isa = PBXFileReference; lastKnownFileType = sourcecode.c.objc; path = FYThumbCell.m; sourceTree = "<group>"; };
		24CC84D51FB97293009DE712 /* FYAsset.h */ = {isa = PBXFileReference; lastKnownFileType = sourcecode.c.h; path = FYAsset.h; sourceTree = "<group>"; };
		24CC84D61FB97293009DE712 /* FYAsset.m */ = {isa = PBXFileReference; lastKnownFileType = sourcecode.c.objc; path = FYAsset.m; sourceTree = "<group>"; };
		24CC84D81FBA9146009DE712 /* PickerTopBar.h */ = {isa = PBXFileReference; lastKnownFileType = sourcecode.c.h; path = PickerTopBar.h; sourceTree = "<group>"; };
		24CC84D91FBA9146009DE712 /* PickerTopBar.m */ = {isa = PBXFileReference; lastKnownFileType = sourcecode.c.objc; path = PickerTopBar.m; sourceTree = "<group>"; };
		24CC84DC1FBA94DF009DE712 /* ic_photo_close@2x.png */ = {isa = PBXFileReference; lastKnownFileType = image.png; path = "ic_photo_close@2x.png"; sourceTree = "<group>"; };
		24CC84DD1FBA94DF009DE712 /* ic_photo_close@3x.png */ = {isa = PBXFileReference; lastKnownFileType = image.png; path = "ic_photo_close@3x.png"; sourceTree = "<group>"; };
		24CC84E81FBABC77009DE712 /* ic_photo_choosesel@3x.png */ = {isa = PBXFileReference; lastKnownFileType = image.png; path = "ic_photo_choosesel@3x.png"; sourceTree = "<group>"; };
		24CC84E91FBABC77009DE712 /* ic_photo_choosenor@3x.png */ = {isa = PBXFileReference; lastKnownFileType = image.png; path = "ic_photo_choosenor@3x.png"; sourceTree = "<group>"; };
		24CC84EA1FBABC77009DE712 /* ic_photo_choosenor@2x.png */ = {isa = PBXFileReference; lastKnownFileType = image.png; path = "ic_photo_choosenor@2x.png"; sourceTree = "<group>"; };
		24CC84EB1FBABC77009DE712 /* ic_photo_choosesel@2x.png */ = {isa = PBXFileReference; lastKnownFileType = image.png; path = "ic_photo_choosesel@2x.png"; sourceTree = "<group>"; };
		24CC84F01FBAC520009DE712 /* PickerBottomBar.h */ = {isa = PBXFileReference; lastKnownFileType = sourcecode.c.h; path = PickerBottomBar.h; sourceTree = "<group>"; };
		24CC84F11FBAC520009DE712 /* PickerBottomBar.m */ = {isa = PBXFileReference; lastKnownFileType = sourcecode.c.objc; path = PickerBottomBar.m; sourceTree = "<group>"; };
		24E172281FB6F227004267BC /* FYImageManagerDemo.app */ = {isa = PBXFileReference; explicitFileType = wrapper.application; includeInIndex = 0; path = FYImageManagerDemo.app; sourceTree = BUILT_PRODUCTS_DIR; };
		24E1722B1FB6F227004267BC /* AppDelegate.h */ = {isa = PBXFileReference; lastKnownFileType = sourcecode.c.h; path = AppDelegate.h; sourceTree = "<group>"; };
		24E1722C1FB6F228004267BC /* AppDelegate.m */ = {isa = PBXFileReference; lastKnownFileType = sourcecode.c.objc; path = AppDelegate.m; sourceTree = "<group>"; };
		24E1722E1FB6F228004267BC /* ViewController.h */ = {isa = PBXFileReference; lastKnownFileType = sourcecode.c.h; path = ViewController.h; sourceTree = "<group>"; };
		24E1722F1FB6F228004267BC /* ViewController.m */ = {isa = PBXFileReference; lastKnownFileType = sourcecode.c.objc; path = ViewController.m; sourceTree = "<group>"; };
		24E172321FB6F228004267BC /* Base */ = {isa = PBXFileReference; lastKnownFileType = file.storyboard; name = Base; path = Base.lproj/Main.storyboard; sourceTree = "<group>"; };
		24E172341FB6F228004267BC /* Assets.xcassets */ = {isa = PBXFileReference; lastKnownFileType = folder.assetcatalog; path = Assets.xcassets; sourceTree = "<group>"; };
		24E172371FB6F228004267BC /* Base */ = {isa = PBXFileReference; lastKnownFileType = file.storyboard; name = Base; path = Base.lproj/LaunchScreen.storyboard; sourceTree = "<group>"; };
		24E172391FB6F228004267BC /* Info.plist */ = {isa = PBXFileReference; lastKnownFileType = text.plist.xml; path = Info.plist; sourceTree = "<group>"; };
		24E1723A1FB6F228004267BC /* main.m */ = {isa = PBXFileReference; lastKnownFileType = sourcecode.c.objc; path = main.m; sourceTree = "<group>"; };
		24E172401FB6F228004267BC /* FYImageManagerDemoTests.xctest */ = {isa = PBXFileReference; explicitFileType = wrapper.cfbundle; includeInIndex = 0; path = FYImageManagerDemoTests.xctest; sourceTree = BUILT_PRODUCTS_DIR; };
		24E172441FB6F228004267BC /* FYImageManagerDemoTests.m */ = {isa = PBXFileReference; lastKnownFileType = sourcecode.c.objc; path = FYImageManagerDemoTests.m; sourceTree = "<group>"; };
		24E172461FB6F228004267BC /* Info.plist */ = {isa = PBXFileReference; lastKnownFileType = text.plist.xml; path = Info.plist; sourceTree = "<group>"; };
		24E1724B1FB6F228004267BC /* FYImageManagerDemoUITests.xctest */ = {isa = PBXFileReference; explicitFileType = wrapper.cfbundle; includeInIndex = 0; path = FYImageManagerDemoUITests.xctest; sourceTree = BUILT_PRODUCTS_DIR; };
		24E1724F1FB6F228004267BC /* FYImageManagerDemoUITests.m */ = {isa = PBXFileReference; lastKnownFileType = sourcecode.c.objc; path = FYImageManagerDemoUITests.m; sourceTree = "<group>"; };
		24E172511FB6F228004267BC /* Info.plist */ = {isa = PBXFileReference; lastKnownFileType = text.plist.xml; path = Info.plist; sourceTree = "<group>"; };
		24E1725F1FB6F7D3004267BC /* FYImagePickerController.h */ = {isa = PBXFileReference; lastKnownFileType = sourcecode.c.h; path = FYImagePickerController.h; sourceTree = "<group>"; };
		24E172601FB6F7D3004267BC /* FYImagePickerController.m */ = {isa = PBXFileReference; lastKnownFileType = sourcecode.c.objc; path = FYImagePickerController.m; sourceTree = "<group>"; };
		24E172621FB6F812004267BC /* FYImageFlowLayout.h */ = {isa = PBXFileReference; lastKnownFileType = sourcecode.c.h; path = FYImageFlowLayout.h; sourceTree = "<group>"; };
		24E172631FB6F812004267BC /* FYImageFlowLayout.m */ = {isa = PBXFileReference; lastKnownFileType = sourcecode.c.objc; path = FYImageFlowLayout.m; sourceTree = "<group>"; };
/* End PBXFileReference section */

/* Begin PBXFrameworksBuildPhase section */
		24E172251FB6F227004267BC /* Frameworks */ = {
			isa = PBXFrameworksBuildPhase;
			buildActionMask = 2147483647;
			files = (
			);
			runOnlyForDeploymentPostprocessing = 0;
		};
		24E1723D1FB6F228004267BC /* Frameworks */ = {
			isa = PBXFrameworksBuildPhase;
			buildActionMask = 2147483647;
			files = (
			);
			runOnlyForDeploymentPostprocessing = 0;
		};
		24E172481FB6F228004267BC /* Frameworks */ = {
			isa = PBXFrameworksBuildPhase;
			buildActionMask = 2147483647;
			files = (
			);
			runOnlyForDeploymentPostprocessing = 0;
		};
/* End PBXFrameworksBuildPhase section */

/* Begin PBXGroup section */
		24CC84DB1FBA94DF009DE712 /* ImageAssets */ = {
			isa = PBXGroup;
			children = (
				248C65B01FBD8B1300CFB7DE /* mask_gray@2x.png */,
				248C65B11FBD8B1300CFB7DE /* mask_gray@3x.png */,
				248C65AA1FBD795600CFB7DE /* ic_close_white@2x.png */,
				248C65A91FBD795500CFB7DE /* ic_close_white@3x.png */,
				24CC84DC1FBA94DF009DE712 /* ic_photo_close@2x.png */,
				24CC84DD1FBA94DF009DE712 /* ic_photo_close@3x.png */,
				24CC84EA1FBABC77009DE712 /* ic_photo_choosenor@2x.png */,
				24CC84E91FBABC77009DE712 /* ic_photo_choosenor@3x.png */,
				24CC84EB1FBABC77009DE712 /* ic_photo_choosesel@2x.png */,
				24CC84E81FBABC77009DE712 /* ic_photo_choosesel@3x.png */,
			);
			path = ImageAssets;
			sourceTree = "<group>";
		};
		24E1721F1FB6F227004267BC = {
			isa = PBXGroup;
			children = (
				24E1725E1FB6F257004267BC /* FYImageManager */,
				24E1722A1FB6F227004267BC /* FYImageManagerDemo */,
				24E172431FB6F228004267BC /* FYImageManagerDemoTests */,
				24E1724E1FB6F228004267BC /* FYImageManagerDemoUITests */,
				24E172291FB6F227004267BC /* Products */,
			);
			sourceTree = "<group>";
		};
		24E172291FB6F227004267BC /* Products */ = {
			isa = PBXGroup;
			children = (
				24E172281FB6F227004267BC /* FYImageManagerDemo.app */,
				24E172401FB6F228004267BC /* FYImageManagerDemoTests.xctest */,
				24E1724B1FB6F228004267BC /* FYImageManagerDemoUITests.xctest */,
			);
			name = Products;
			sourceTree = "<group>";
		};
		24E1722A1FB6F227004267BC /* FYImageManagerDemo */ = {
			isa = PBXGroup;
			children = (
				24E1722B1FB6F227004267BC /* AppDelegate.h */,
				24E1722C1FB6F228004267BC /* AppDelegate.m */,
				24E1722E1FB6F228004267BC /* ViewController.h */,
				24E1722F1FB6F228004267BC /* ViewController.m */,
				24E172311FB6F228004267BC /* Main.storyboard */,
				24E172341FB6F228004267BC /* Assets.xcassets */,
				24E172361FB6F228004267BC /* LaunchScreen.storyboard */,
				24E172391FB6F228004267BC /* Info.plist */,
				24E1723A1FB6F228004267BC /* main.m */,
			);
			path = FYImageManagerDemo;
			sourceTree = "<group>";
		};
		24E172431FB6F228004267BC /* FYImageManagerDemoTests */ = {
			isa = PBXGroup;
			children = (
				24E172441FB6F228004267BC /* FYImageManagerDemoTests.m */,
				24E172461FB6F228004267BC /* Info.plist */,
			);
			path = FYImageManagerDemoTests;
			sourceTree = "<group>";
		};
		24E1724E1FB6F228004267BC /* FYImageManagerDemoUITests */ = {
			isa = PBXGroup;
			children = (
				24E1724F1FB6F228004267BC /* FYImageManagerDemoUITests.m */,
				24E172511FB6F228004267BC /* Info.plist */,
			);
			path = FYImageManagerDemoUITests;
			sourceTree = "<group>";
		};
		24E1725E1FB6F257004267BC /* FYImageManager */ = {
			isa = PBXGroup;
			children = (
				24CC84DB1FBA94DF009DE712 /* ImageAssets */,
				24E1725F1FB6F7D3004267BC /* FYImagePickerController.h */,
				24E172601FB6F7D3004267BC /* FYImagePickerController.m */,
				241C51D31FBC4379008B2CC0 /* FYImagePrivewController.h */,
				241C51D41FBC4379008B2CC0 /* FYImagePrivewController.m */,
				24CC84D51FB97293009DE712 /* FYAsset.h */,
				24CC84D61FB97293009DE712 /* FYAsset.m */,
				24CC84D21FB96729009DE712 /* FYThumbCell.h */,
				24CC84D31FB96729009DE712 /* FYThumbCell.m */,
				241C51D01FBC19FD008B2CC0 /* FYAlbumsCell.h */,
				241C51D11FBC19FD008B2CC0 /* FYAlbumsCell.m */,
				248C65A61FBD3D1400CFB7DE /* FYPrivewCell.h */,
				248C65A71FBD3D1400CFB7DE /* FYPrivewCell.m */,
				248C65AD1FBD79D300CFB7DE /* OperationView.h */,
				248C65AE1FBD79D300CFB7DE /* OperationView.m */,
				24CC84D81FBA9146009DE712 /* PickerTopBar.h */,
				24CC84D91FBA9146009DE712 /* PickerTopBar.m */,
				24CC84F01FBAC520009DE712 /* PickerBottomBar.h */,
				24CC84F11FBAC520009DE712 /* PickerBottomBar.m */,
				24E172621FB6F812004267BC /* FYImageFlowLayout.h */,
				24E172631FB6F812004267BC /* FYImageFlowLayout.m */,
			);
			path = FYImageManager;
			sourceTree = "<group>";
		};
/* End PBXGroup section */

/* Begin PBXNativeTarget section */
		24E172271FB6F227004267BC /* FYImageManagerDemo */ = {
			isa = PBXNativeTarget;
			buildConfigurationList = 24E172541FB6F228004267BC /* Build configuration list for PBXNativeTarget "FYImageManagerDemo" */;
			buildPhases = (
				24E172241FB6F227004267BC /* Sources */,
				24E172251FB6F227004267BC /* Frameworks */,
				24E172261FB6F227004267BC /* Resources */,
			);
			buildRules = (
			);
			dependencies = (
			);
			name = FYImageManagerDemo;
			productName = FYImageManagerDemo;
			productReference = 24E172281FB6F227004267BC /* FYImageManagerDemo.app */;
			productType = "com.apple.product-type.application";
		};
		24E1723F1FB6F228004267BC /* FYImageManagerDemoTests */ = {
			isa = PBXNativeTarget;
			buildConfigurationList = 24E172571FB6F228004267BC /* Build configuration list for PBXNativeTarget "FYImageManagerDemoTests" */;
			buildPhases = (
				24E1723C1FB6F228004267BC /* Sources */,
				24E1723D1FB6F228004267BC /* Frameworks */,
				24E1723E1FB6F228004267BC /* Resources */,
			);
			buildRules = (
			);
			dependencies = (
				24E172421FB6F228004267BC /* PBXTargetDependency */,
			);
			name = FYImageManagerDemoTests;
			productName = FYImageManagerDemoTests;
			productReference = 24E172401FB6F228004267BC /* FYImageManagerDemoTests.xctest */;
			productType = "com.apple.product-type.bundle.unit-test";
		};
		24E1724A1FB6F228004267BC /* FYImageManagerDemoUITests */ = {
			isa = PBXNativeTarget;
			buildConfigurationList = 24E1725A1FB6F228004267BC /* Build configuration list for PBXNativeTarget "FYImageManagerDemoUITests" */;
			buildPhases = (
				24E172471FB6F228004267BC /* Sources */,
				24E172481FB6F228004267BC /* Frameworks */,
				24E172491FB6F228004267BC /* Resources */,
			);
			buildRules = (
			);
			dependencies = (
				24E1724D1FB6F228004267BC /* PBXTargetDependency */,
			);
			name = FYImageManagerDemoUITests;
			productName = FYImageManagerDemoUITests;
			productReference = 24E1724B1FB6F228004267BC /* FYImageManagerDemoUITests.xctest */;
			productType = "com.apple.product-type.bundle.ui-testing";
		};
/* End PBXNativeTarget section */

/* Begin PBXProject section */
		24E172201FB6F227004267BC /* Project object */ = {
			isa = PBXProject;
			attributes = {
				LastUpgradeCheck = 0900;
				ORGANIZATIONNAME = tongfy;
				TargetAttributes = {
					24E172271FB6F227004267BC = {
						CreatedOnToolsVersion = 9.0.1;
						ProvisioningStyle = Manual;
					};
					24E1723F1FB6F228004267BC = {
						CreatedOnToolsVersion = 9.0.1;
						ProvisioningStyle = Automatic;
						TestTargetID = 24E172271FB6F227004267BC;
					};
					24E1724A1FB6F228004267BC = {
						CreatedOnToolsVersion = 9.0.1;
						ProvisioningStyle = Automatic;
						TestTargetID = 24E172271FB6F227004267BC;
					};
				};
			};
			buildConfigurationList = 24E172231FB6F227004267BC /* Build configuration list for PBXProject "FYImageManagerDemo" */;
			compatibilityVersion = "Xcode 8.0";
			developmentRegion = en;
			hasScannedForEncodings = 0;
			knownRegions = (
				en,
				Base,
			);
			mainGroup = 24E1721F1FB6F227004267BC;
			productRefGroup = 24E172291FB6F227004267BC /* Products */;
			projectDirPath = "";
			projectRoot = "";
			targets = (
				24E172271FB6F227004267BC /* FYImageManagerDemo */,
				24E1723F1FB6F228004267BC /* FYImageManagerDemoTests */,
				24E1724A1FB6F228004267BC /* FYImageManagerDemoUITests */,
			);
		};
/* End PBXProject section */

/* Begin PBXResourcesBuildPhase section */
		24E172261FB6F227004267BC /* Resources */ = {
			isa = PBXResourcesBuildPhase;
			buildActionMask = 2147483647;
			files = (
				248C65AB1FBD795600CFB7DE /* ic_close_white@3x.png in Resources */,
				24CC84E21FBA94DF009DE712 /* ic_photo_close@2x.png in Resources */,
				24CC84ED1FBABC77009DE712 /* ic_photo_choosenor@3x.png in Resources */,
				24CC84EE1FBABC77009DE712 /* ic_photo_choosenor@2x.png in Resources */,
				24E172381FB6F228004267BC /* LaunchScreen.storyboard in Resources */,
				24CC84EC1FBABC77009DE712 /* ic_photo_choosesel@3x.png in Resources */,
				24E172351FB6F228004267BC /* Assets.xcassets in Resources */,
				24CC84E31FBA94DF009DE712 /* ic_photo_close@3x.png in Resources */,
				24E172331FB6F228004267BC /* Main.storyboard in Resources */,
				24CC84EF1FBABC77009DE712 /* ic_photo_choosesel@2x.png in Resources */,
				248C65B31FBD8B1300CFB7DE /* mask_gray@3x.png in Resources */,
				248C65AC1FBD795600CFB7DE /* ic_close_white@2x.png in Resources */,
				248C65B21FBD8B1300CFB7DE /* mask_gray@2x.png in Resources */,
			);
			runOnlyForDeploymentPostprocessing = 0;
		};
		24E1723E1FB6F228004267BC /* Resources */ = {
			isa = PBXResourcesBuildPhase;
			buildActionMask = 2147483647;
			files = (
			);
			runOnlyForDeploymentPostprocessing = 0;
		};
		24E172491FB6F228004267BC /* Resources */ = {
			isa = PBXResourcesBuildPhase;
			buildActionMask = 2147483647;
			files = (
			);
			runOnlyForDeploymentPostprocessing = 0;
		};
/* End PBXResourcesBuildPhase section */

/* Begin PBXSourcesBuildPhase section */
		24E172241FB6F227004267BC /* Sources */ = {
			isa = PBXSourcesBuildPhase;
			buildActionMask = 2147483647;
			files = (
				24E172641FB6F812004267BC /* FYImageFlowLayout.m in Sources */,
				248C65A81FBD3D1400CFB7DE /* FYPrivewCell.m in Sources */,
				24CC84D71FB97293009DE712 /* FYAsset.m in Sources */,
				24CC84F21FBAC520009DE712 /* PickerBottomBar.m in Sources */,
				24E172611FB6F7D3004267BC /* FYImagePickerController.m in Sources */,
				241C51D21FBC19FD008B2CC0 /* FYAlbumsCell.m in Sources */,
				24E172301FB6F228004267BC /* ViewController.m in Sources */,
				24CC84D41FB96729009DE712 /* FYThumbCell.m in Sources */,
				24E1723B1FB6F228004267BC /* main.m in Sources */,
				24E1722D1FB6F228004267BC /* AppDelegate.m in Sources */,
				24CC84DA1FBA9146009DE712 /* PickerTopBar.m in Sources */,
				241C51D51FBC4379008B2CC0 /* FYImagePrivewController.m in Sources */,
				248C65AF1FBD79D300CFB7DE /* OperationView.m in Sources */,
			);
			runOnlyForDeploymentPostprocessing = 0;
		};
		24E1723C1FB6F228004267BC /* Sources */ = {
			isa = PBXSourcesBuildPhase;
			buildActionMask = 2147483647;
			files = (
				24E172451FB6F228004267BC /* FYImageManagerDemoTests.m in Sources */,
			);
			runOnlyForDeploymentPostprocessing = 0;
		};
		24E172471FB6F228004267BC /* Sources */ = {
			isa = PBXSourcesBuildPhase;
			buildActionMask = 2147483647;
			files = (
				24E172501FB6F228004267BC /* FYImageManagerDemoUITests.m in Sources */,
			);
			runOnlyForDeploymentPostprocessing = 0;
		};
/* End PBXSourcesBuildPhase section */

/* Begin PBXTargetDependency section */
		24E172421FB6F228004267BC /* PBXTargetDependency */ = {
			isa = PBXTargetDependency;
			target = 24E172271FB6F227004267BC /* FYImageManagerDemo */;
			targetProxy = 24E172411FB6F228004267BC /* PBXContainerItemProxy */;
		};
		24E1724D1FB6F228004267BC /* PBXTargetDependency */ = {
			isa = PBXTargetDependency;
			target = 24E172271FB6F227004267BC /* FYImageManagerDemo */;
			targetProxy = 24E1724C1FB6F228004267BC /* PBXContainerItemProxy */;
		};
/* End PBXTargetDependency section */

/* Begin PBXVariantGroup section */
		24E172311FB6F228004267BC /* Main.storyboard */ = {
			isa = PBXVariantGroup;
			children = (
				24E172321FB6F228004267BC /* Base */,
			);
			name = Main.storyboard;
			sourceTree = "<group>";
		};
		24E172361FB6F228004267BC /* LaunchScreen.storyboard */ = {
			isa = PBXVariantGroup;
			children = (
				24E172371FB6F228004267BC /* Base */,
			);
			name = LaunchScreen.storyboard;
			sourceTree = "<group>";
		};
/* End PBXVariantGroup section */

/* Begin XCBuildConfiguration section */
		24E172521FB6F228004267BC /* Debug */ = {
			isa = XCBuildConfiguration;
			buildSettings = {
				ALWAYS_SEARCH_USER_PATHS = NO;
				CLANG_ANALYZER_NONNULL = YES;
				CLANG_ANALYZER_NUMBER_OBJECT_CONVERSION = YES_AGGRESSIVE;
				CLANG_CXX_LANGUAGE_STANDARD = "gnu++14";
				CLANG_CXX_LIBRARY = "libc++";
				CLANG_ENABLE_MODULES = YES;
				CLANG_ENABLE_OBJC_ARC = YES;
				CLANG_WARN_BLOCK_CAPTURE_AUTORELEASING = YES;
				CLANG_WARN_BOOL_CONVERSION = YES;
				CLANG_WARN_COMMA = YES;
				CLANG_WARN_CONSTANT_CONVERSION = YES;
				CLANG_WARN_DIRECT_OBJC_ISA_USAGE = YES_ERROR;
				CLANG_WARN_DOCUMENTATION_COMMENTS = YES;
				CLANG_WARN_EMPTY_BODY = YES;
				CLANG_WARN_ENUM_CONVERSION = YES;
				CLANG_WARN_INFINITE_RECURSION = YES;
				CLANG_WARN_INT_CONVERSION = YES;
				CLANG_WARN_NON_LITERAL_NULL_CONVERSION = YES;
				CLANG_WARN_OBJC_LITERAL_CONVERSION = YES;
				CLANG_WARN_OBJC_ROOT_CLASS = YES_ERROR;
				CLANG_WARN_RANGE_LOOP_ANALYSIS = YES;
				CLANG_WARN_STRICT_PROTOTYPES = YES;
				CLANG_WARN_SUSPICIOUS_MOVE = YES;
				CLANG_WARN_UNGUARDED_AVAILABILITY = YES_AGGRESSIVE;
				CLANG_WARN_UNREACHABLE_CODE = YES;
				CLANG_WARN__DUPLICATE_METHOD_MATCH = YES;
				CODE_SIGN_IDENTITY = "iPhone Developer";
				COPY_PHASE_STRIP = NO;
				DEBUG_INFORMATION_FORMAT = dwarf;
				ENABLE_STRICT_OBJC_MSGSEND = YES;
				ENABLE_TESTABILITY = YES;
				GCC_C_LANGUAGE_STANDARD = gnu11;
				GCC_DYNAMIC_NO_PIC = NO;
				GCC_NO_COMMON_BLOCKS = YES;
				GCC_OPTIMIZATION_LEVEL = 0;
				GCC_PREPROCESSOR_DEFINITIONS = (
					"DEBUG=1",
					"$(inherited)",
				);
				GCC_WARN_64_TO_32_BIT_CONVERSION = YES;
				GCC_WARN_ABOUT_RETURN_TYPE = YES_ERROR;
				GCC_WARN_UNDECLARED_SELECTOR = YES;
				GCC_WARN_UNINITIALIZED_AUTOS = YES_AGGRESSIVE;
				GCC_WARN_UNUSED_FUNCTION = YES;
				GCC_WARN_UNUSED_VARIABLE = YES;
				IPHONEOS_DEPLOYMENT_TARGET = 11.0;
				MTL_ENABLE_DEBUG_INFO = YES;
				ONLY_ACTIVE_ARCH = YES;
				SDKROOT = iphoneos;
			};
			name = Debug;
		};
		24E172531FB6F228004267BC /* Release */ = {
			isa = XCBuildConfiguration;
			buildSettings = {
				ALWAYS_SEARCH_USER_PATHS = NO;
				CLANG_ANALYZER_NONNULL = YES;
				CLANG_ANALYZER_NUMBER_OBJECT_CONVERSION = YES_AGGRESSIVE;
				CLANG_CXX_LANGUAGE_STANDARD = "gnu++14";
				CLANG_CXX_LIBRARY = "libc++";
				CLANG_ENABLE_MODULES = YES;
				CLANG_ENABLE_OBJC_ARC = YES;
				CLANG_WARN_BLOCK_CAPTURE_AUTORELEASING = YES;
				CLANG_WARN_BOOL_CONVERSION = YES;
				CLANG_WARN_COMMA = YES;
				CLANG_WARN_CONSTANT_CONVERSION = YES;
				CLANG_WARN_DIRECT_OBJC_ISA_USAGE = YES_ERROR;
				CLANG_WARN_DOCUMENTATION_COMMENTS = YES;
				CLANG_WARN_EMPTY_BODY = YES;
				CLANG_WARN_ENUM_CONVERSION = YES;
				CLANG_WARN_INFINITE_RECURSION = YES;
				CLANG_WARN_INT_CONVERSION = YES;
				CLANG_WARN_NON_LITERAL_NULL_CONVERSION = YES;
				CLANG_WARN_OBJC_LITERAL_CONVERSION = YES;
				CLANG_WARN_OBJC_ROOT_CLASS = YES_ERROR;
				CLANG_WARN_RANGE_LOOP_ANALYSIS = YES;
				CLANG_WARN_STRICT_PROTOTYPES = YES;
				CLANG_WARN_SUSPICIOUS_MOVE = YES;
				CLANG_WARN_UNGUARDED_AVAILABILITY = YES_AGGRESSIVE;
				CLANG_WARN_UNREACHABLE_CODE = YES;
				CLANG_WARN__DUPLICATE_METHOD_MATCH = YES;
				CODE_SIGN_IDENTITY = "iPhone Developer";
				COPY_PHASE_STRIP = NO;
				DEBUG_INFORMATION_FORMAT = "dwarf-with-dsym";
				ENABLE_NS_ASSERTIONS = NO;
				ENABLE_STRICT_OBJC_MSGSEND = YES;
				GCC_C_LANGUAGE_STANDARD = gnu11;
				GCC_NO_COMMON_BLOCKS = YES;
				GCC_WARN_64_TO_32_BIT_CONVERSION = YES;
				GCC_WARN_ABOUT_RETURN_TYPE = YES_ERROR;
				GCC_WARN_UNDECLARED_SELECTOR = YES;
				GCC_WARN_UNINITIALIZED_AUTOS = YES_AGGRESSIVE;
				GCC_WARN_UNUSED_FUNCTION = YES;
				GCC_WARN_UNUSED_VARIABLE = YES;
				IPHONEOS_DEPLOYMENT_TARGET = 11.0;
				MTL_ENABLE_DEBUG_INFO = NO;
				SDKROOT = iphoneos;
				VALIDATE_PRODUCT = YES;
			};
			name = Release;
		};
		24E172551FB6F228004267BC /* Debug */ = {
			isa = XCBuildConfiguration;
			buildSettings = {
				ASSETCATALOG_COMPILER_APPICON_NAME = AppIcon;
				CODE_SIGN_STYLE = Manual;
				DEVELOPMENT_TEAM = 393LMJAQ8W;
				INFOPLIST_FILE = FYImageManagerDemo/Info.plist;
				IPHONEOS_DEPLOYMENT_TARGET = 8.0;
				LD_RUNPATH_SEARCH_PATHS = "$(inherited) @executable_path/Frameworks";
				PRODUCT_BUNDLE_IDENTIFIER = com.tongfy.FYImageManagerDemo;
				PRODUCT_NAME = "$(TARGET_NAME)";
				PROVISIONING_PROFILE = "3132f5b0-bfd0-4318-9af0-38fdd9af1306";
				PROVISIONING_PROFILE_SPECIFIER = ppq_deve_wildcard_20171115;
				TARGETED_DEVICE_FAMILY = "1,2";
			};
			name = Debug;
		};
		24E172561FB6F228004267BC /* Release */ = {
			isa = XCBuildConfiguration;
			buildSettings = {
				ASSETCATALOG_COMPILER_APPICON_NAME = AppIcon;
				CODE_SIGN_STYLE = Manual;
				DEVELOPMENT_TEAM = 393LMJAQ8W;
				INFOPLIST_FILE = FYImageManagerDemo/Info.plist;
				IPHONEOS_DEPLOYMENT_TARGET = 8.0;
				LD_RUNPATH_SEARCH_PATHS = "$(inherited) @executable_path/Frameworks";
				PRODUCT_BUNDLE_IDENTIFIER = com.tongfy.FYImageManagerDemo;
				PRODUCT_NAME = "$(TARGET_NAME)";
				PROVISIONING_PROFILE = "3132f5b0-bfd0-4318-9af0-38fdd9af1306";
				PROVISIONING_PROFILE_SPECIFIER = ppq_deve_wildcard_20171115;
				TARGETED_DEVICE_FAMILY = "1,2";
			};
			name = Release;
		};
		24E172581FB6F228004267BC /* Debug */ = {
			isa = XCBuildConfiguration;
			buildSettings = {
				BUNDLE_LOADER = "$(TEST_HOST)";
				CODE_SIGN_STYLE = Automatic;
				DEVELOPMENT_TEAM = 4P78C7E8TY;
				INFOPLIST_FILE = FYImageManagerDemoTests/Info.plist;
				LD_RUNPATH_SEARCH_PATHS = "$(inherited) @executable_path/Frameworks @loader_path/Frameworks";
				PRODUCT_BUNDLE_IDENTIFIER = com.tongfy.FYImageManagerDemoTests;
				PRODUCT_NAME = "$(TARGET_NAME)";
				TARGETED_DEVICE_FAMILY = "1,2";
				TEST_HOST = "$(BUILT_PRODUCTS_DIR)/FYImageManagerDemo.app/FYImageManagerDemo";
			};
			name = Debug;
		};
		24E172591FB6F228004267BC /* Release */ = {
			isa = XCBuildConfiguration;
			buildSettings = {
				BUNDLE_LOADER = "$(TEST_HOST)";
				CODE_SIGN_STYLE = Automatic;
				DEVELOPMENT_TEAM = 4P78C7E8TY;
				INFOPLIST_FILE = FYImageManagerDemoTests/Info.plist;
				LD_RUNPATH_SEARCH_PATHS = "$(inherited) @executable_path/Frameworks @loader_path/Frameworks";
				PRODUCT_BUNDLE_IDENTIFIER = com.tongfy.FYImageManagerDemoTests;
				PRODUCT_NAME = "$(TARGET_NAME)";
				TARGETED_DEVICE_FAMILY = "1,2";
				TEST_HOST = "$(BUILT_PRODUCTS_DIR)/FYImageManagerDemo.app/FYImageManagerDemo";
			};
			name = Release;
		};
		24E1725B1FB6F228004267BC /* Debug */ = {
			isa = XCBuildConfiguration;
			buildSettings = {
				CODE_SIGN_STYLE = Automatic;
				DEVELOPMENT_TEAM = 4P78C7E8TY;
				INFOPLIST_FILE = FYImageManagerDemoUITests/Info.plist;
				LD_RUNPATH_SEARCH_PATHS = "$(inherited) @executable_path/Frameworks @loader_path/Frameworks";
				PRODUCT_BUNDLE_IDENTIFIER = com.tongfy.FYImageManagerDemoUITests;
				PRODUCT_NAME = "$(TARGET_NAME)";
				TARGETED_DEVICE_FAMILY = "1,2";
				TEST_TARGET_NAME = FYImageManagerDemo;
			};
			name = Debug;
		};
		24E1725C1FB6F228004267BC /* Release */ = {
			isa = XCBuildConfiguration;
			buildSettings = {
				CODE_SIGN_STYLE = Automatic;
				DEVELOPMENT_TEAM = 4P78C7E8TY;
				INFOPLIST_FILE = FYImageManagerDemoUITests/Info.plist;
				LD_RUNPATH_SEARCH_PATHS = "$(inherited) @executable_path/Frameworks @loader_path/Frameworks";
				PRODUCT_BUNDLE_IDENTIFIER = com.tongfy.FYImageManagerDemoUITests;
				PRODUCT_NAME = "$(TARGET_NAME)";
				TARGETED_DEVICE_FAMILY = "1,2";
				TEST_TARGET_NAME = FYImageManagerDemo;
			};
			name = Release;
		};
/* End XCBuildConfiguration section */

/* Begin XCConfigurationList section */
		24E172231FB6F227004267BC /* Build configuration list for PBXProject "FYImageManagerDemo" */ = {
			isa = XCConfigurationList;
			buildConfigurations = (
				24E172521FB6F228004267BC /* Debug */,
				24E172531FB6F228004267BC /* Release */,
			);
			defaultConfigurationIsVisible = 0;
			defaultConfigurationName = Release;
		};
		24E172541FB6F228004267BC /* Build configuration list for PBXNativeTarget "FYImageManagerDemo" */ = {
			isa = XCConfigurationList;
			buildConfigurations = (
				24E172551FB6F228004267BC /* Debug */,
				24E172561FB6F228004267BC /* Release */,
			);
			defaultConfigurationIsVisible = 0;
			defaultConfigurationName = Release;
		};
		24E172571FB6F228004267BC /* Build configuration list for PBXNativeTarget "FYImageManagerDemoTests" */ = {
			isa = XCConfigurationList;
			buildConfigurations = (
				24E172581FB6F228004267BC /* Debug */,
				24E172591FB6F228004267BC /* Release */,
			);
			defaultConfigurationIsVisible = 0;
			defaultConfigurationName = Release;
		};
		24E1725A1FB6F228004267BC /* Build configuration list for PBXNativeTarget "FYImageManagerDemoUITests" */ = {
			isa = XCConfigurationList;
			buildConfigurations = (
				24E1725B1FB6F228004267BC /* Debug */,
				24E1725C1FB6F228004267BC /* Release */,
			);
			defaultConfigurationIsVisible = 0;
			defaultConfigurationName = Release;
		};
/* End XCConfigurationList section */
	};
	rootObject = 24E172201FB6F227004267BC /* Project object */;
}
