// !$*UTF8*$!
{
	archiveVersion = 1;
	classes = {
	};
	objectVersion = 48;
	objects = {

/* Begin PBXBuildFile section */
		24E1722D1FB6F228004267BC /* AppDelegate.m in Sources */ = {isa = PBXBuildFile; fileRef = 24E1722C1FB6F228004267BC /* AppDelegate.m */; };
		24E172301FB6F228004267BC /* ViewController.m in Sources */ = {isa = PBXBuildFile; fileRef = 24E1722F1FB6F228004267BC /* ViewController.m */; };
		24E172331FB6F228004267BC /* Main.storyboard in Resources */ = {isa = PBXBuildFile; fileRef = 24E172311FB6F228004267BC /* Main.storyboard */; };
		24E172351FB6F228004267BC /* Assets.xcassets in Resources */ = {isa = PBXBuildFile; fileRef = 24E172341FB6F228004267BC /* Assets.xcassets */; };
		24E172381FB6F228004267BC /* LaunchScreen.storyboard in Resources */ = {isa = PBXBuildFile; fileRef = 24E172361FB6F228004267BC /* LaunchScreen.storyboard */; };
		24E1723B1FB6F228004267BC /* main.m in Sources */ = {isa = PBXBuildFile; fileRef = 24E1723A1FB6F228004267BC /* main.m */; };
		24E172451FB6F228004267BC /* FYImageManagerDemoTests.m in Sources */ = {isa = PBXBuildFile; fileRef = 24E172441FB6F228004267BC /* FYImageManagerDemoTests.m */; };
		24E172501FB6F228004267BC /* FYImageManagerDemoUITests.m in Sources */ = {isa = PBXBuildFile; fileRef = 24E1724F1FB6F228004267BC /* FYImageManagerDemoUITests.m */; };
		842D695C206B9267004923B5 /* ic_close_white@2x.png in Resources */ = {isa = PBXBuildFile; fileRef = 842D6952206B9267004923B5 /* ic_close_white@2x.png */; };
		842D695D206B9267004923B5 /* ic_close_white@3x.png in Resources */ = {isa = PBXBuildFile; fileRef = 842D6953206B9267004923B5 /* ic_close_white@3x.png */; };
		842D6960206B9267004923B5 /* ic_photo_choosesel@2x.png in Resources */ = {isa = PBXBuildFile; fileRef = 842D6956206B9267004923B5 /* ic_photo_choosesel@2x.png */; };
		842D6961206B9267004923B5 /* ic_photo_choosesel@3x.png in Resources */ = {isa = PBXBuildFile; fileRef = 842D6957206B9267004923B5 /* ic_photo_choosesel@3x.png */; };
		842D6962206B9267004923B5 /* ic_photo_close@2x.png in Resources */ = {isa = PBXBuildFile; fileRef = 842D6958206B9267004923B5 /* ic_photo_close@2x.png */; };
		842D6963206B9267004923B5 /* ic_photo_close@3x.png in Resources */ = {isa = PBXBuildFile; fileRef = 842D6959206B9267004923B5 /* ic_photo_close@3x.png */; };
		DA8676E82071163C005D40D6 /* FYImagePrivewController.m in Sources */ = {isa = PBXBuildFile; fileRef = DA8676CD2071163C005D40D6 /* FYImagePrivewController.m */; };
		DA8676E92071163C005D40D6 /* IMGPickerController.m in Sources */ = {isa = PBXBuildFile; fileRef = DA8676CF2071163C005D40D6 /* IMGPickerController.m */; };
		DA8676EA2071163C005D40D6 /* FYImageFlowLayout.m in Sources */ = {isa = PBXBuildFile; fileRef = DA8676D32071163C005D40D6 /* FYImageFlowLayout.m */; };
		DA8676EB2071163C005D40D6 /* IMGConfiguration.m in Sources */ = {isa = PBXBuildFile; fileRef = DA8676D52071163C005D40D6 /* IMGConfiguration.m */; };
		DA8676EC2071163C005D40D6 /* IMGDataTool.m in Sources */ = {isa = PBXBuildFile; fileRef = DA8676D82071163C005D40D6 /* IMGDataTool.m */; };
		DA8676ED2071163C005D40D6 /* IMGPickerTool.m in Sources */ = {isa = PBXBuildFile; fileRef = DA8676DA2071163C005D40D6 /* IMGPickerTool.m */; };
		DA8676EE2071163C005D40D6 /* FYAlbumsCell.m in Sources */ = {isa = PBXBuildFile; fileRef = DA8676DD2071163C005D40D6 /* FYAlbumsCell.m */; };
		DA8676EF2071163C005D40D6 /* FYPrivewCell.m in Sources */ = {isa = PBXBuildFile; fileRef = DA8676DF2071163C005D40D6 /* FYPrivewCell.m */; };
		DA8676F02071163C005D40D6 /* FYThumbCell.m in Sources */ = {isa = PBXBuildFile; fileRef = DA8676E12071163C005D40D6 /* FYThumbCell.m */; };
		DA8676F12071163C005D40D6 /* OperationView.m in Sources */ = {isa = PBXBuildFile; fileRef = DA8676E32071163C005D40D6 /* OperationView.m */; };
		DA8676F22071163C005D40D6 /* PickerBottomBar.m in Sources */ = {isa = PBXBuildFile; fileRef = DA8676E52071163C005D40D6 /* PickerBottomBar.m */; };
		DA8676F32071163C005D40D6 /* PickerTopBar.m in Sources */ = {isa = PBXBuildFile; fileRef = DA8676E72071163C005D40D6 /* PickerTopBar.m */; };
		DA907564206E8D9C00AC9ED8 /* IMGMediator.m in Sources */ = {isa = PBXBuildFile; fileRef = DA907563206E8D9C00AC9ED8 /* IMGMediator.m */; };
		DA90756C206E8F4500AC9ED8 /* PHImageManager+FetchImage.m in Sources */ = {isa = PBXBuildFile; fileRef = DA907567206E8F4500AC9ED8 /* PHImageManager+FetchImage.m */; };
		DA90756D206E8F4500AC9ED8 /* UIImage+animatedGIF.m in Sources */ = {isa = PBXBuildFile; fileRef = DA907569206E8F4500AC9ED8 /* UIImage+animatedGIF.m */; };
		DA90756E206E8F4500AC9ED8 /* UIViewController+FYAlert.m in Sources */ = {isa = PBXBuildFile; fileRef = DA90756B206E8F4500AC9ED8 /* UIViewController+FYAlert.m */; };
		DA907571206E8F8E00AC9ED8 /* PHAsset+IMGProperty.m in Sources */ = {isa = PBXBuildFile; fileRef = DA907570206E8F8E00AC9ED8 /* PHAsset+IMGProperty.m */; };
/* End PBXBuildFile section */

/* Begin PBXContainerItemProxy section */
		24E172411FB6F228004267BC /* PBXContainerItemProxy */ = {
			isa = PBXContainerItemProxy;
			containerPortal = 24E172201FB6F227004267BC /* Project object */;
			proxyType = 1;
			remoteGlobalIDString = 24E172271FB6F227004267BC;
			remoteInfo = FYImageManagerDemo;
		};
		24E1724C1FB6F228004267BC /* PBXContainerItemProxy */ = {
			isa = PBXContainerItemProxy;
			containerPortal = 24E172201FB6F227004267BC /* Project object */;
			proxyType = 1;
			remoteGlobalIDString = 24E172271FB6F227004267BC;
			remoteInfo = FYImageManagerDemo;
		};
/* End PBXContainerItemProxy section */

/* Begin PBXFileReference section */
		24E172281FB6F227004267BC /* FYImageManagerDemo.app */ = {isa = PBXFileReference; explicitFileType = wrapper.application; includeInIndex = 0; path = FYImageManagerDemo.app; sourceTree = BUILT_PRODUCTS_DIR; };
		24E1722B1FB6F227004267BC /* AppDelegate.h */ = {isa = PBXFileReference; lastKnownFileType = sourcecode.c.h; path = AppDelegate.h; sourceTree = "<group>"; };
		24E1722C1FB6F228004267BC /* AppDelegate.m */ = {isa = PBXFileReference; lastKnownFileType = sourcecode.c.objc; path = AppDelegate.m; sourceTree = "<group>"; };
		24E1722E1FB6F228004267BC /* ViewController.h */ = {isa = PBXFileReference; lastKnownFileType = sourcecode.c.h; path = ViewController.h; sourceTree = "<group>"; };
		24E1722F1FB6F228004267BC /* ViewController.m */ = {isa = PBXFileReference; lastKnownFileType = sourcecode.c.objc; path = ViewController.m; sourceTree = "<group>"; };
		24E172321FB6F228004267BC /* Base */ = {isa = PBXFileReference; lastKnownFileType = file.storyboard; name = Base; path = Base.lproj/Main.storyboard; sourceTree = "<group>"; };
		24E172341FB6F228004267BC /* Assets.xcassets */ = {isa = PBXFileReference; lastKnownFileType = folder.assetcatalog; path = Assets.xcassets; sourceTree = "<group>"; };
		24E172371FB6F228004267BC /* Base */ = {isa = PBXFileReference; lastKnownFileType = file.storyboard; name = Base; path = Base.lproj/LaunchScreen.storyboard; sourceTree = "<group>"; };
		24E172391FB6F228004267BC /* Info.plist */ = {isa = PBXFileReference; lastKnownFileType = text.plist.xml; path = Info.plist; sourceTree = "<group>"; };
		24E1723A1FB6F228004267BC /* main.m */ = {isa = PBXFileReference; lastKnownFileType = sourcecode.c.objc; path = main.m; sourceTree = "<group>"; };
		24E172401FB6F228004267BC /* FYImageManagerDemoTests.xctest */ = {isa = PBXFileReference; explicitFileType = wrapper.cfbundle; includeInIndex = 0; path = FYImageManagerDemoTests.xctest; sourceTree = BUILT_PRODUCTS_DIR; };
		24E172441FB6F228004267BC /* FYImageManagerDemoTests.m */ = {isa = PBXFileReference; lastKnownFileType = sourcecode.c.objc; path = FYImageManagerDemoTests.m; sourceTree = "<group>"; };
		24E172461FB6F228004267BC /* Info.plist */ = {isa = PBXFileReference; lastKnownFileType = text.plist.xml; path = Info.plist; sourceTree = "<group>"; };
		24E1724B1FB6F228004267BC /* FYImageManagerDemoUITests.xctest */ = {isa = PBXFileReference; explicitFileType = wrapper.cfbundle; includeInIndex = 0; path = FYImageManagerDemoUITests.xctest; sourceTree = BUILT_PRODUCTS_DIR; };
		24E1724F1FB6F228004267BC /* FYImageManagerDemoUITests.m */ = {isa = PBXFileReference; lastKnownFileType = sourcecode.c.objc; path = FYImageManagerDemoUITests.m; sourceTree = "<group>"; };
		24E172511FB6F228004267BC /* Info.plist */ = {isa = PBXFileReference; lastKnownFileType = text.plist.xml; path = Info.plist; sourceTree = "<group>"; };
		842D6952206B9267004923B5 /* ic_close_white@2x.png */ = {isa = PBXFileReference; lastKnownFileType = image.png; path = "ic_close_white@2x.png"; sourceTree = "<group>"; };
		842D6953206B9267004923B5 /* ic_close_white@3x.png */ = {isa = PBXFileReference; lastKnownFileType = image.png; path = "ic_close_white@3x.png"; sourceTree = "<group>"; };
		842D6956206B9267004923B5 /* ic_photo_choosesel@2x.png */ = {isa = PBXFileReference; lastKnownFileType = image.png; path = "ic_photo_choosesel@2x.png"; sourceTree = "<group>"; };
		842D6957206B9267004923B5 /* ic_photo_choosesel@3x.png */ = {isa = PBXFileReference; lastKnownFileType = image.png; path = "ic_photo_choosesel@3x.png"; sourceTree = "<group>"; };
		842D6958206B9267004923B5 /* ic_photo_close@2x.png */ = {isa = PBXFileReference; lastKnownFileType = image.png; path = "ic_photo_close@2x.png"; sourceTree = "<group>"; };
		842D6959206B9267004923B5 /* ic_photo_close@3x.png */ = {isa = PBXFileReference; lastKnownFileType = image.png; path = "ic_photo_close@3x.png"; sourceTree = "<group>"; };
		842D697E206B9A67004923B5 /* IMGPickerManager.h */ = {isa = PBXFileReference; lastKnownFileType = sourcecode.c.h; path = IMGPickerManager.h; sourceTree = "<group>"; };
		DA8676CC2071163C005D40D6 /* FYImagePrivewController.h */ = {isa = PBXFileReference; fileEncoding = 4; lastKnownFileType = sourcecode.c.h; path = FYImagePrivewController.h; sourceTree = "<group>"; };
		DA8676CD2071163C005D40D6 /* FYImagePrivewController.m */ = {isa = PBXFileReference; fileEncoding = 4; lastKnownFileType = sourcecode.c.objc; path = FYImagePrivewController.m; sourceTree = "<group>"; };
		DA8676CE2071163C005D40D6 /* IMGPickerController.h */ = {isa = PBXFileReference; fileEncoding = 4; lastKnownFileType = sourcecode.c.h; path = IMGPickerController.h; sourceTree = "<group>"; };
		DA8676CF2071163C005D40D6 /* IMGPickerController.m */ = {isa = PBXFileReference; fileEncoding = 4; lastKnownFileType = sourcecode.c.objc; path = IMGPickerController.m; sourceTree = "<group>"; };
		DA8676D02071163C005D40D6 /* IMGBlockDefine.h */ = {isa = PBXFileReference; fileEncoding = 4; lastKnownFileType = sourcecode.c.h; path = IMGBlockDefine.h; sourceTree = "<group>"; };
		DA8676D22071163C005D40D6 /* FYImageFlowLayout.h */ = {isa = PBXFileReference; fileEncoding = 4; lastKnownFileType = sourcecode.c.h; path = FYImageFlowLayout.h; sourceTree = "<group>"; };
		DA8676D32071163C005D40D6 /* FYImageFlowLayout.m */ = {isa = PBXFileReference; fileEncoding = 4; lastKnownFileType = sourcecode.c.objc; path = FYImageFlowLayout.m; sourceTree = "<group>"; };
		DA8676D42071163C005D40D6 /* IMGConfiguration.h */ = {isa = PBXFileReference; fileEncoding = 4; lastKnownFileType = sourcecode.c.h; path = IMGConfiguration.h; sourceTree = "<group>"; };
		DA8676D52071163C005D40D6 /* IMGConfiguration.m */ = {isa = PBXFileReference; fileEncoding = 4; lastKnownFileType = sourcecode.c.objc; path = IMGConfiguration.m; sourceTree = "<group>"; };
		DA8676D72071163C005D40D6 /* IMGDataTool.h */ = {isa = PBXFileReference; fileEncoding = 4; lastKnownFileType = sourcecode.c.h; path = IMGDataTool.h; sourceTree = "<group>"; };
		DA8676D82071163C005D40D6 /* IMGDataTool.m */ = {isa = PBXFileReference; fileEncoding = 4; lastKnownFileType = sourcecode.c.objc; path = IMGDataTool.m; sourceTree = "<group>"; };
		DA8676D92071163C005D40D6 /* IMGPickerTool.h */ = {isa = PBXFileReference; fileEncoding = 4; lastKnownFileType = sourcecode.c.h; name = IMGPickerTool.h; path = Tool/IMGPickerTool.h; sourceTree = "<group>"; };
		DA8676DA2071163C005D40D6 /* IMGPickerTool.m */ = {isa = PBXFileReference; fileEncoding = 4; lastKnownFileType = sourcecode.c.objc; name = IMGPickerTool.m; path = Tool/IMGPickerTool.m; sourceTree = "<group>"; };
		DA8676DC2071163C005D40D6 /* FYAlbumsCell.h */ = {isa = PBXFileReference; fileEncoding = 4; lastKnownFileType = sourcecode.c.h; path = FYAlbumsCell.h; sourceTree = "<group>"; };
		DA8676DD2071163C005D40D6 /* FYAlbumsCell.m */ = {isa = PBXFileReference; fileEncoding = 4; lastKnownFileType = sourcecode.c.objc; path = FYAlbumsCell.m; sourceTree = "<group>"; };
		DA8676DE2071163C005D40D6 /* FYPrivewCell.h */ = {isa = PBXFileReference; fileEncoding = 4; lastKnownFileType = sourcecode.c.h; path = FYPrivewCell.h; sourceTree = "<group>"; };
		DA8676DF2071163C005D40D6 /* FYPrivewCell.m */ = {isa = PBXFileReference; fileEncoding = 4; lastKnownFileType = sourcecode.c.objc; path = FYPrivewCell.m; sourceTree = "<group>"; };
		DA8676E02071163C005D40D6 /* FYThumbCell.h */ = {isa = PBXFileReference; fileEncoding = 4; lastKnownFileType = sourcecode.c.h; path = FYThumbCell.h; sourceTree = "<group>"; };
		DA8676E12071163C005D40D6 /* FYThumbCell.m */ = {isa = PBXFileReference; fileEncoding = 4; lastKnownFileType = sourcecode.c.objc; path = FYThumbCell.m; sourceTree = "<group>"; };
		DA8676E22071163C005D40D6 /* OperationView.h */ = {isa = PBXFileReference; fileEncoding = 4; lastKnownFileType = sourcecode.c.h; path = OperationView.h; sourceTree = "<group>"; };
		DA8676E32071163C005D40D6 /* OperationView.m */ = {isa = PBXFileReference; fileEncoding = 4; lastKnownFileType = sourcecode.c.objc; path = OperationView.m; sourceTree = "<group>"; };
		DA8676E42071163C005D40D6 /* PickerBottomBar.h */ = {isa = PBXFileReference; fileEncoding = 4; lastKnownFileType = sourcecode.c.h; path = PickerBottomBar.h; sourceTree = "<group>"; };
		DA8676E52071163C005D40D6 /* PickerBottomBar.m */ = {isa = PBXFileReference; fileEncoding = 4; lastKnownFileType = sourcecode.c.objc; path = PickerBottomBar.m; sourceTree = "<group>"; };
		DA8676E62071163C005D40D6 /* PickerTopBar.h */ = {isa = PBXFileReference; fileEncoding = 4; lastKnownFileType = sourcecode.c.h; path = PickerTopBar.h; sourceTree = "<group>"; };
		DA8676E72071163C005D40D6 /* PickerTopBar.m */ = {isa = PBXFileReference; fileEncoding = 4; lastKnownFileType = sourcecode.c.objc; path = PickerTopBar.m; sourceTree = "<group>"; };
		DA907562206E8D9C00AC9ED8 /* IMGMediator.h */ = {isa = PBXFileReference; fileEncoding = 4; lastKnownFileType = sourcecode.c.h; path = IMGMediator.h; sourceTree = "<group>"; };
		DA907563206E8D9C00AC9ED8 /* IMGMediator.m */ = {isa = PBXFileReference; fileEncoding = 4; lastKnownFileType = sourcecode.c.objc; path = IMGMediator.m; sourceTree = "<group>"; };
		DA907566206E8F4500AC9ED8 /* PHImageManager+FetchImage.h */ = {isa = PBXFileReference; fileEncoding = 4; lastKnownFileType = sourcecode.c.h; path = "PHImageManager+FetchImage.h"; sourceTree = "<group>"; };
		DA907567206E8F4500AC9ED8 /* PHImageManager+FetchImage.m */ = {isa = PBXFileReference; fileEncoding = 4; lastKnownFileType = sourcecode.c.objc; path = "PHImageManager+FetchImage.m"; sourceTree = "<group>"; };
		DA907568206E8F4500AC9ED8 /* UIImage+animatedGIF.h */ = {isa = PBXFileReference; fileEncoding = 4; lastKnownFileType = sourcecode.c.h; path = "UIImage+animatedGIF.h"; sourceTree = "<group>"; };
		DA907569206E8F4500AC9ED8 /* UIImage+animatedGIF.m */ = {isa = PBXFileReference; fileEncoding = 4; lastKnownFileType = sourcecode.c.objc; path = "UIImage+animatedGIF.m"; sourceTree = "<group>"; };
		DA90756A206E8F4500AC9ED8 /* UIViewController+FYAlert.h */ = {isa = PBXFileReference; fileEncoding = 4; lastKnownFileType = sourcecode.c.h; path = "UIViewController+FYAlert.h"; sourceTree = "<group>"; };
		DA90756B206E8F4500AC9ED8 /* UIViewController+FYAlert.m */ = {isa = PBXFileReference; fileEncoding = 4; lastKnownFileType = sourcecode.c.objc; path = "UIViewController+FYAlert.m"; sourceTree = "<group>"; };
		DA90756F206E8F8E00AC9ED8 /* PHAsset+IMGProperty.h */ = {isa = PBXFileReference; fileEncoding = 4; lastKnownFileType = sourcecode.c.h; path = "PHAsset+IMGProperty.h"; sourceTree = "<group>"; };
		DA907570206E8F8E00AC9ED8 /* PHAsset+IMGProperty.m */ = {isa = PBXFileReference; fileEncoding = 4; lastKnownFileType = sourcecode.c.objc; path = "PHAsset+IMGProperty.m"; sourceTree = "<group>"; };
/* End PBXFileReference section */

/* Begin PBXFrameworksBuildPhase section */
		24E172251FB6F227004267BC /* Frameworks */ = {
			isa = PBXFrameworksBuildPhase;
			buildActionMask = 2147483647;
			files = (
			);
			runOnlyForDeploymentPostprocessing = 0;
		};
		24E1723D1FB6F228004267BC /* Frameworks */ = {
			isa = PBXFrameworksBuildPhase;
			buildActionMask = 2147483647;
			files = (
			);
			runOnlyForDeploymentPostprocessing = 0;
		};
		24E172481FB6F228004267BC /* Frameworks */ = {
			isa = PBXFrameworksBuildPhase;
			buildActionMask = 2147483647;
			files = (
			);
			runOnlyForDeploymentPostprocessing = 0;
		};
/* End PBXFrameworksBuildPhase section */

/* Begin PBXGroup section */
		24E1721F1FB6F227004267BC = {
			isa = PBXGroup;
			children = (
				24E1725E1FB6F257004267BC /* FYImageManager */,
				24E1722A1FB6F227004267BC /* FYImageManagerDemo */,
				24E172431FB6F228004267BC /* FYImageManagerDemoTests */,
				24E1724E1FB6F228004267BC /* FYImageManagerDemoUITests */,
				24E172291FB6F227004267BC /* Products */,
			);
			sourceTree = "<group>";
			usesTabs = 0;
		};
		24E172291FB6F227004267BC /* Products */ = {
			isa = PBXGroup;
			children = (
				24E172281FB6F227004267BC /* FYImageManagerDemo.app */,
				24E172401FB6F228004267BC /* FYImageManagerDemoTests.xctest */,
				24E1724B1FB6F228004267BC /* FYImageManagerDemoUITests.xctest */,
			);
			name = Products;
			sourceTree = "<group>";
		};
		24E1722A1FB6F227004267BC /* FYImageManagerDemo */ = {
			isa = PBXGroup;
			children = (
				24E1722B1FB6F227004267BC /* AppDelegate.h */,
				24E1722C1FB6F228004267BC /* AppDelegate.m */,
				24E1722E1FB6F228004267BC /* ViewController.h */,
				24E1722F1FB6F228004267BC /* ViewController.m */,
				24E172311FB6F228004267BC /* Main.storyboard */,
				24E172341FB6F228004267BC /* Assets.xcassets */,
				24E172361FB6F228004267BC /* LaunchScreen.storyboard */,
				24E172391FB6F228004267BC /* Info.plist */,
				24E1723A1FB6F228004267BC /* main.m */,
			);
			path = FYImageManagerDemo;
			sourceTree = "<group>";
		};
		24E172431FB6F228004267BC /* FYImageManagerDemoTests */ = {
			isa = PBXGroup;
			children = (
				24E172441FB6F228004267BC /* FYImageManagerDemoTests.m */,
				24E172461FB6F228004267BC /* Info.plist */,
			);
			path = FYImageManagerDemoTests;
			sourceTree = "<group>";
		};
		24E1724E1FB6F228004267BC /* FYImageManagerDemoUITests */ = {
			isa = PBXGroup;
			children = (
				24E1724F1FB6F228004267BC /* FYImageManagerDemoUITests.m */,
				24E172511FB6F228004267BC /* Info.plist */,
			);
			path = FYImageManagerDemoUITests;
			sourceTree = "<group>";
		};
		24E1725E1FB6F257004267BC /* FYImageManager */ = {
			isa = PBXGroup;
			children = (
				842D697E206B9A67004923B5 /* IMGPickerManager.h */,
				DA8676CA2071163C005D40D6 /* Classes */,
				DA907561206E8D9C00AC9ED8 /* Mediator */,
				DA907565206E8F4500AC9ED8 /* Category */,
				842D6951206B9267004923B5 /* Resources */,
			);
			path = FYImageManager;
			sourceTree = "<group>";
		};
		842D6951206B9267004923B5 /* Resources */ = {
			isa = PBXGroup;
			children = (
				842D6952206B9267004923B5 /* ic_close_white@2x.png */,
				842D6953206B9267004923B5 /* ic_close_white@3x.png */,
				842D6956206B9267004923B5 /* ic_photo_choosesel@2x.png */,
				842D6957206B9267004923B5 /* ic_photo_choosesel@3x.png */,
				842D6958206B9267004923B5 /* ic_photo_close@2x.png */,
				842D6959206B9267004923B5 /* ic_photo_close@3x.png */,
			);
			path = Resources;
			sourceTree = "<group>";
		};
		DA8676CA2071163C005D40D6 /* Classes */ = {
			isa = PBXGroup;
			children = (
				DA8676D02071163C005D40D6 /* IMGBlockDefine.h */,
				DA8676D92071163C005D40D6 /* IMGPickerTool.h */,
				DA8676DA2071163C005D40D6 /* IMGPickerTool.m */,
				DA8676CB2071163C005D40D6 /* Controller */,
				DA8676D12071163C005D40D6 /* Model */,
				DA8676D62071163C005D40D6 /* Tool */,
				DA8676DB2071163C005D40D6 /* View */,
			);
			path = Classes;
			sourceTree = "<group>";
		};
		DA8676CB2071163C005D40D6 /* Controller */ = {
			isa = PBXGroup;
			children = (
				DA8676CE2071163C005D40D6 /* IMGPickerController.h */,
				DA8676CF2071163C005D40D6 /* IMGPickerController.m */,
				DA8676CC2071163C005D40D6 /* FYImagePrivewController.h */,
				DA8676CD2071163C005D40D6 /* FYImagePrivewController.m */,
			);
			path = Controller;
			sourceTree = "<group>";
		};
		DA8676D12071163C005D40D6 /* Model */ = {
			isa = PBXGroup;
			children = (
				DA8676D42071163C005D40D6 /* IMGConfiguration.h */,
				DA8676D52071163C005D40D6 /* IMGConfiguration.m */,
				DA8676D22071163C005D40D6 /* FYImageFlowLayout.h */,
				DA8676D32071163C005D40D6 /* FYImageFlowLayout.m */,
			);
			path = Model;
			sourceTree = "<group>";
		};
		DA8676D62071163C005D40D6 /* Tool */ = {
			isa = PBXGroup;
			children = (
				DA8676D72071163C005D40D6 /* IMGDataTool.h */,
				DA8676D82071163C005D40D6 /* IMGDataTool.m */,
			);
			path = Tool;
			sourceTree = "<group>";
		};
		DA8676DB2071163C005D40D6 /* View */ = {
			isa = PBXGroup;
			children = (
				DA8676DC2071163C005D40D6 /* FYAlbumsCell.h */,
				DA8676DD2071163C005D40D6 /* FYAlbumsCell.m */,
				DA8676DE2071163C005D40D6 /* FYPrivewCell.h */,
				DA8676DF2071163C005D40D6 /* FYPrivewCell.m */,
				DA8676E02071163C005D40D6 /* FYThumbCell.h */,
				DA8676E12071163C005D40D6 /* FYThumbCell.m */,
				DA8676E22071163C005D40D6 /* OperationView.h */,
				DA8676E32071163C005D40D6 /* OperationView.m */,
				DA8676E42071163C005D40D6 /* PickerBottomBar.h */,
				DA8676E52071163C005D40D6 /* PickerBottomBar.m */,
				DA8676E62071163C005D40D6 /* PickerTopBar.h */,
				DA8676E72071163C005D40D6 /* PickerTopBar.m */,
			);
			path = View;
			sourceTree = "<group>";
		};
		DA907561206E8D9C00AC9ED8 /* Mediator */ = {
			isa = PBXGroup;
			children = (
				DA907562206E8D9C00AC9ED8 /* IMGMediator.h */,
				DA907563206E8D9C00AC9ED8 /* IMGMediator.m */,
			);
			path = Mediator;
			sourceTree = "<group>";
		};
		DA907565206E8F4500AC9ED8 /* Category */ = {
			isa = PBXGroup;
			children = (
				DA907566206E8F4500AC9ED8 /* PHImageManager+FetchImage.h */,
				DA907567206E8F4500AC9ED8 /* PHImageManager+FetchImage.m */,
				DA907568206E8F4500AC9ED8 /* UIImage+animatedGIF.h */,
				DA907569206E8F4500AC9ED8 /* UIImage+animatedGIF.m */,
				DA90756A206E8F4500AC9ED8 /* UIViewController+FYAlert.h */,
				DA90756B206E8F4500AC9ED8 /* UIViewController+FYAlert.m */,
				DA90756F206E8F8E00AC9ED8 /* PHAsset+IMGProperty.h */,
				DA907570206E8F8E00AC9ED8 /* PHAsset+IMGProperty.m */,
			);
			path = Category;
			sourceTree = "<group>";
		};
/* End PBXGroup section */

/* Begin PBXNativeTarget section */
		24E172271FB6F227004267BC /* FYImageManagerDemo */ = {
			isa = PBXNativeTarget;
			buildConfigurationList = 24E172541FB6F228004267BC /* Build configuration list for PBXNativeTarget "FYImageManagerDemo" */;
			buildPhases = (
				24E172241FB6F227004267BC /* Sources */,
				24E172251FB6F227004267BC /* Frameworks */,
				24E172261FB6F227004267BC /* Resources */,
			);
			buildRules = (
			);
			dependencies = (
			);
			name = FYImageManagerDemo;
			productName = FYImageManagerDemo;
			productReference = 24E172281FB6F227004267BC /* FYImageManagerDemo.app */;
			productType = "com.apple.product-type.application";
		};
		24E1723F1FB6F228004267BC /* FYImageManagerDemoTests */ = {
			isa = PBXNativeTarget;
			buildConfigurationList = 24E172571FB6F228004267BC /* Build configuration list for PBXNativeTarget "FYImageManagerDemoTests" */;
			buildPhases = (
				24E1723C1FB6F228004267BC /* Sources */,
				24E1723D1FB6F228004267BC /* Frameworks */,
				24E1723E1FB6F228004267BC /* Resources */,
			);
			buildRules = (
			);
			dependencies = (
				24E172421FB6F228004267BC /* PBXTargetDependency */,
			);
			name = FYImageManagerDemoTests;
			productName = FYImageManagerDemoTests;
			productReference = 24E172401FB6F228004267BC /* FYImageManagerDemoTests.xctest */;
			productType = "com.apple.product-type.bundle.unit-test";
		};
		24E1724A1FB6F228004267BC /* FYImageManagerDemoUITests */ = {
			isa = PBXNativeTarget;
			buildConfigurationList = 24E1725A1FB6F228004267BC /* Build configuration list for PBXNativeTarget "FYImageManagerDemoUITests" */;
			buildPhases = (
				24E172471FB6F228004267BC /* Sources */,
				24E172481FB6F228004267BC /* Frameworks */,
				24E172491FB6F228004267BC /* Resources */,
			);
			buildRules = (
			);
			dependencies = (
				24E1724D1FB6F228004267BC /* PBXTargetDependency */,
			);
			name = FYImageManagerDemoUITests;
			productName = FYImageManagerDemoUITests;
			productReference = 24E1724B1FB6F228004267BC /* FYImageManagerDemoUITests.xctest */;
			productType = "com.apple.product-type.bundle.ui-testing";
		};
/* End PBXNativeTarget section */

/* Begin PBXProject section */
		24E172201FB6F227004267BC /* Project object */ = {
			isa = PBXProject;
			attributes = {
				CLASSPREFIX = IMG;
				LastUpgradeCheck = 0900;
				ORGANIZATIONNAME = tongfy;
				TargetAttributes = {
					24E172271FB6F227004267BC = {
						CreatedOnToolsVersion = 9.0.1;
						ProvisioningStyle = Automatic;
					};
					24E1723F1FB6F228004267BC = {
						CreatedOnToolsVersion = 9.0.1;
						ProvisioningStyle = Automatic;
						TestTargetID = 24E172271FB6F227004267BC;
					};
					24E1724A1FB6F228004267BC = {
						CreatedOnToolsVersion = 9.0.1;
						ProvisioningStyle = Automatic;
						TestTargetID = 24E172271FB6F227004267BC;
					};
				};
			};
			buildConfigurationList = 24E172231FB6F227004267BC /* Build configuration list for PBXProject "FYImageManagerDemo" */;
			compatibilityVersion = "Xcode 8.0";
			developmentRegion = en;
			hasScannedForEncodings = 0;
			knownRegions = (
				en,
				Base,
			);
			mainGroup = 24E1721F1FB6F227004267BC;
			productRefGroup = 24E172291FB6F227004267BC /* Products */;
			projectDirPath = "";
			projectRoot = "";
			targets = (
				24E172271FB6F227004267BC /* FYImageManagerDemo */,
				24E1723F1FB6F228004267BC /* FYImageManagerDemoTests */,
				24E1724A1FB6F228004267BC /* FYImageManagerDemoUITests */,
			);
		};
/* End PBXProject section */

/* Begin PBXResourcesBuildPhase section */
		24E172261FB6F227004267BC /* Resources */ = {
			isa = PBXResourcesBuildPhase;
			buildActionMask = 2147483647;
			files = (
				842D695D206B9267004923B5 /* ic_close_white@3x.png in Resources */,
				24E172381FB6F228004267BC /* LaunchScreen.storyboard in Resources */,
				24E172351FB6F228004267BC /* Assets.xcassets in Resources */,
				24E172331FB6F228004267BC /* Main.storyboard in Resources */,
				842D6963206B9267004923B5 /* ic_photo_close@3x.png in Resources */,
				842D695C206B9267004923B5 /* ic_close_white@2x.png in Resources */,
				842D6960206B9267004923B5 /* ic_photo_choosesel@2x.png in Resources */,
				842D6962206B9267004923B5 /* ic_photo_close@2x.png in Resources */,
				842D6961206B9267004923B5 /* ic_photo_choosesel@3x.png in Resources */,
			);
			runOnlyForDeploymentPostprocessing = 0;
		};
		24E1723E1FB6F228004267BC /* Resources */ = {
			isa = PBXResourcesBuildPhase;
			buildActionMask = 2147483647;
			files = (
			);
			runOnlyForDeploymentPostprocessing = 0;
		};
		24E172491FB6F228004267BC /* Resources */ = {
			isa = PBXResourcesBuildPhase;
			buildActionMask = 2147483647;
			files = (
			);
			runOnlyForDeploymentPostprocessing = 0;
		};
/* End PBXResourcesBuildPhase section */

/* Begin PBXSourcesBuildPhase section */
		24E172241FB6F227004267BC /* Sources */ = {
			isa = PBXSourcesBuildPhase;
			buildActionMask = 2147483647;
			files = (
				DA90756C206E8F4500AC9ED8 /* PHImageManager+FetchImage.m in Sources */,
				DA90756E206E8F4500AC9ED8 /* UIViewController+FYAlert.m in Sources */,
				DA8676EB2071163C005D40D6 /* IMGConfiguration.m in Sources */,
				DA907564206E8D9C00AC9ED8 /* IMGMediator.m in Sources */,
				DA8676EE2071163C005D40D6 /* FYAlbumsCell.m in Sources */,
				DA8676EF2071163C005D40D6 /* FYPrivewCell.m in Sources */,
				DA8676E92071163C005D40D6 /* IMGPickerController.m in Sources */,
				DA8676F32071163C005D40D6 /* PickerTopBar.m in Sources */,
				DA8676EA2071163C005D40D6 /* FYImageFlowLayout.m in Sources */,
				DA8676F22071163C005D40D6 /* PickerBottomBar.m in Sources */,
				24E172301FB6F228004267BC /* ViewController.m in Sources */,
				DA8676EC2071163C005D40D6 /* IMGDataTool.m in Sources */,
				DA90756D206E8F4500AC9ED8 /* UIImage+animatedGIF.m in Sources */,
				DA8676ED2071163C005D40D6 /* IMGPickerTool.m in Sources */,
				24E1723B1FB6F228004267BC /* main.m in Sources */,
				DA8676F02071163C005D40D6 /* FYThumbCell.m in Sources */,
				DA8676F12071163C005D40D6 /* OperationView.m in Sources */,
				DA8676E82071163C005D40D6 /* FYImagePrivewController.m in Sources */,
				24E1722D1FB6F228004267BC /* AppDelegate.m in Sources */,
				DA907571206E8F8E00AC9ED8 /* PHAsset+IMGProperty.m in Sources */,
			);
			runOnlyForDeploymentPostprocessing = 0;
		};
		24E1723C1FB6F228004267BC /* Sources */ = {
			isa = PBXSourcesBuildPhase;
			buildActionMask = 2147483647;
			files = (
				24E172451FB6F228004267BC /* FYImageManagerDemoTests.m in Sources */,
			);
			runOnlyForDeploymentPostprocessing = 0;
		};
		24E172471FB6F228004267BC /* Sources */ = {
			isa = PBXSourcesBuildPhase;
			buildActionMask = 2147483647;
			files = (
				24E172501FB6F228004267BC /* FYImageManagerDemoUITests.m in Sources */,
			);
			runOnlyForDeploymentPostprocessing = 0;
		};
/* End PBXSourcesBuildPhase section */

/* Begin PBXTargetDependency section */
		24E172421FB6F228004267BC /* PBXTargetDependency */ = {
			isa = PBXTargetDependency;
			target = 24E172271FB6F227004267BC /* FYImageManagerDemo */;
			targetProxy = 24E172411FB6F228004267BC /* PBXContainerItemProxy */;
		};
		24E1724D1FB6F228004267BC /* PBXTargetDependency */ = {
			isa = PBXTargetDependency;
			target = 24E172271FB6F227004267BC /* FYImageManagerDemo */;
			targetProxy = 24E1724C1FB6F228004267BC /* PBXContainerItemProxy */;
		};
/* End PBXTargetDependency section */

/* Begin PBXVariantGroup section */
		24E172311FB6F228004267BC /* Main.storyboard */ = {
			isa = PBXVariantGroup;
			children = (
				24E172321FB6F228004267BC /* Base */,
			);
			name = Main.storyboard;
			sourceTree = "<group>";
		};
		24E172361FB6F228004267BC /* LaunchScreen.storyboard */ = {
			isa = PBXVariantGroup;
			children = (
				24E172371FB6F228004267BC /* Base */,
			);
			name = LaunchScreen.storyboard;
			sourceTree = "<group>";
		};
/* End PBXVariantGroup section */

/* Begin XCBuildConfiguration section */
		24E172521FB6F228004267BC /* Debug */ = {
			isa = XCBuildConfiguration;
			buildSettings = {
				ALWAYS_SEARCH_USER_PATHS = NO;
				CLANG_ANALYZER_NONNULL = YES;
				CLANG_ANALYZER_NUMBER_OBJECT_CONVERSION = YES_AGGRESSIVE;
				CLANG_CXX_LANGUAGE_STANDARD = "gnu++14";
				CLANG_CXX_LIBRARY = "libc++";
				CLANG_ENABLE_MODULES = YES;
				CLANG_ENABLE_OBJC_ARC = YES;
				CLANG_WARN_BLOCK_CAPTURE_AUTORELEASING = YES;
				CLANG_WARN_BOOL_CONVERSION = YES;
				CLANG_WARN_COMMA = YES;
				CLANG_WARN_CONSTANT_CONVERSION = YES;
				CLANG_WARN_DIRECT_OBJC_ISA_USAGE = YES_ERROR;
				CLANG_WARN_DOCUMENTATION_COMMENTS = YES;
				CLANG_WARN_EMPTY_BODY = YES;
				CLANG_WARN_ENUM_CONVERSION = YES;
				CLANG_WARN_INFINITE_RECURSION = YES;
				CLANG_WARN_INT_CONVERSION = YES;
				CLANG_WARN_NON_LITERAL_NULL_CONVERSION = YES;
				CLANG_WARN_OBJC_LITERAL_CONVERSION = YES;
				CLANG_WARN_OBJC_ROOT_CLASS = YES_ERROR;
				CLANG_WARN_RANGE_LOOP_ANALYSIS = YES;
				CLANG_WARN_STRICT_PROTOTYPES = YES;
				CLANG_WARN_SUSPICIOUS_MOVE = YES;
				CLANG_WARN_UNGUARDED_AVAILABILITY = YES_AGGRESSIVE;
				CLANG_WARN_UNREACHABLE_CODE = YES;
				CLANG_WARN__DUPLICATE_METHOD_MATCH = YES;
				CODE_SIGN_IDENTITY = "iPhone Developer";
				COPY_PHASE_STRIP = NO;
				DEBUG_INFORMATION_FORMAT = dwarf;
				ENABLE_STRICT_OBJC_MSGSEND = YES;
				ENABLE_TESTABILITY = YES;
				GCC_C_LANGUAGE_STANDARD = gnu11;
				GCC_DYNAMIC_NO_PIC = NO;
				GCC_NO_COMMON_BLOCKS = YES;
				GCC_OPTIMIZATION_LEVEL = 0;
				GCC_PREPROCESSOR_DEFINITIONS = (
					"DEBUG=1",
					"$(inherited)",
				);
				GCC_WARN_64_TO_32_BIT_CONVERSION = YES;
				GCC_WARN_ABOUT_RETURN_TYPE = YES_ERROR;
				GCC_WARN_UNDECLARED_SELECTOR = YES;
				GCC_WARN_UNINITIALIZED_AUTOS = YES_AGGRESSIVE;
				GCC_WARN_UNUSED_FUNCTION = YES;
				GCC_WARN_UNUSED_VARIABLE = YES;
				IPHONEOS_DEPLOYMENT_TARGET = 11.0;
				MTL_ENABLE_DEBUG_INFO = YES;
				ONLY_ACTIVE_ARCH = YES;
				SDKROOT = iphoneos;
			};
			name = Debug;
		};
		24E172531FB6F228004267BC /* Release */ = {
			isa = XCBuildConfiguration;
			buildSettings = {
				ALWAYS_SEARCH_USER_PATHS = NO;
				CLANG_ANALYZER_NONNULL = YES;
				CLANG_ANALYZER_NUMBER_OBJECT_CONVERSION = YES_AGGRESSIVE;
				CLANG_CXX_LANGUAGE_STANDARD = "gnu++14";
				CLANG_CXX_LIBRARY = "libc++";
				CLANG_ENABLE_MODULES = YES;
				CLANG_ENABLE_OBJC_ARC = YES;
				CLANG_WARN_BLOCK_CAPTURE_AUTORELEASING = YES;
				CLANG_WARN_BOOL_CONVERSION = YES;
				CLANG_WARN_COMMA = YES;
				CLANG_WARN_CONSTANT_CONVERSION = YES;
				CLANG_WARN_DIRECT_OBJC_ISA_USAGE = YES_ERROR;
				CLANG_WARN_DOCUMENTATION_COMMENTS = YES;
				CLANG_WARN_EMPTY_BODY = YES;
				CLANG_WARN_ENUM_CONVERSION = YES;
				CLANG_WARN_INFINITE_RECURSION = YES;
				CLANG_WARN_INT_CONVERSION = YES;
				CLANG_WARN_NON_LITERAL_NULL_CONVERSION = YES;
				CLANG_WARN_OBJC_LITERAL_CONVERSION = YES;
				CLANG_WARN_OBJC_ROOT_CLASS = YES_ERROR;
				CLANG_WARN_RANGE_LOOP_ANALYSIS = YES;
				CLANG_WARN_STRICT_PROTOTYPES = YES;
				CLANG_WARN_SUSPICIOUS_MOVE = YES;
				CLANG_WARN_UNGUARDED_AVAILABILITY = YES_AGGRESSIVE;
				CLANG_WARN_UNREACHABLE_CODE = YES;
				CLANG_WARN__DUPLICATE_METHOD_MATCH = YES;
				CODE_SIGN_IDENTITY = "iPhone Developer";
				COPY_PHASE_STRIP = NO;
				DEBUG_INFORMATION_FORMAT = "dwarf-with-dsym";
				ENABLE_NS_ASSERTIONS = NO;
				ENABLE_STRICT_OBJC_MSGSEND = YES;
				GCC_C_LANGUAGE_STANDARD = gnu11;
				GCC_NO_COMMON_BLOCKS = YES;
				GCC_WARN_64_TO_32_BIT_CONVERSION = YES;
				GCC_WARN_ABOUT_RETURN_TYPE = YES_ERROR;
				GCC_WARN_UNDECLARED_SELECTOR = YES;
				GCC_WARN_UNINITIALIZED_AUTOS = YES_AGGRESSIVE;
				GCC_WARN_UNUSED_FUNCTION = YES;
				GCC_WARN_UNUSED_VARIABLE = YES;
				IPHONEOS_DEPLOYMENT_TARGET = 11.0;
				MTL_ENABLE_DEBUG_INFO = NO;
				SDKROOT = iphoneos;
				VALIDATE_PRODUCT = YES;
			};
			name = Release;
		};
		24E172551FB6F228004267BC /* Debug */ = {
			isa = XCBuildConfiguration;
			buildSettings = {
				ASSETCATALOG_COMPILER_APPICON_NAME = AppIcon;
				"CODE_SIGN_IDENTITY[sdk=iphoneos*]" = "iPhone Developer";
				CODE_SIGN_STYLE = Automatic;
				DEVELOPMENT_TEAM = 393LMJAQ8W;
				INFOPLIST_FILE = FYImageManagerDemo/Info.plist;
				IPHONEOS_DEPLOYMENT_TARGET = 8.0;
				LD_RUNPATH_SEARCH_PATHS = "$(inherited) @executable_path/Frameworks";
				PRODUCT_BUNDLE_IDENTIFIER = com.tongfy.FYImageManagerDemo;
				PRODUCT_NAME = "$(TARGET_NAME)";
				PROVISIONING_PROFILE = "";
				PROVISIONING_PROFILE_SPECIFIER = "";
				TARGETED_DEVICE_FAMILY = "1,2";
			};
			name = Debug;
		};
		24E172561FB6F228004267BC /* Release */ = {
			isa = XCBuildConfiguration;
			buildSettings = {
				ASSETCATALOG_COMPILER_APPICON_NAME = AppIcon;
				"CODE_SIGN_IDENTITY[sdk=iphoneos*]" = "iPhone Developer";
				CODE_SIGN_STYLE = Automatic;
				DEVELOPMENT_TEAM = 393LMJAQ8W;
				INFOPLIST_FILE = FYImageManagerDemo/Info.plist;
				IPHONEOS_DEPLOYMENT_TARGET = 8.0;
				LD_RUNPATH_SEARCH_PATHS = "$(inherited) @executable_path/Frameworks";
				PRODUCT_BUNDLE_IDENTIFIER = com.tongfy.FYImageManagerDemo;
				PRODUCT_NAME = "$(TARGET_NAME)";
				PROVISIONING_PROFILE = "";
				PROVISIONING_PROFILE_SPECIFIER = "";
				TARGETED_DEVICE_FAMILY = "1,2";
			};
			name = Release;
		};
		24E172581FB6F228004267BC /* Debug */ = {
			isa = XCBuildConfiguration;
			buildSettings = {
				BUNDLE_LOADER = "$(TEST_HOST)";
				CODE_SIGN_STYLE = Automatic;
				DEVELOPMENT_TEAM = 4P78C7E8TY;
				INFOPLIST_FILE = FYImageManagerDemoTests/Info.plist;
				LD_RUNPATH_SEARCH_PATHS = "$(inherited) @executable_path/Frameworks @loader_path/Frameworks";
				PRODUCT_BUNDLE_IDENTIFIER = com.tongfy.FYImageManagerDemoTests;
				PRODUCT_NAME = "$(TARGET_NAME)";
				TARGETED_DEVICE_FAMILY = "1,2";
				TEST_HOST = "$(BUILT_PRODUCTS_DIR)/FYImageManagerDemo.app/FYImageManagerDemo";
			};
			name = Debug;
		};
		24E172591FB6F228004267BC /* Release */ = {
			isa = XCBuildConfiguration;
			buildSettings = {
				BUNDLE_LOADER = "$(TEST_HOST)";
				CODE_SIGN_STYLE = Automatic;
				DEVELOPMENT_TEAM = 4P78C7E8TY;
				INFOPLIST_FILE = FYImageManagerDemoTests/Info.plist;
				LD_RUNPATH_SEARCH_PATHS = "$(inherited) @executable_path/Frameworks @loader_path/Frameworks";
				PRODUCT_BUNDLE_IDENTIFIER = com.tongfy.FYImageManagerDemoTests;
				PRODUCT_NAME = "$(TARGET_NAME)";
				TARGETED_DEVICE_FAMILY = "1,2";
				TEST_HOST = "$(BUILT_PRODUCTS_DIR)/FYImageManagerDemo.app/FYImageManagerDemo";
			};
			name = Release;
		};
		24E1725B1FB6F228004267BC /* Debug */ = {
			isa = XCBuildConfiguration;
			buildSettings = {
				CODE_SIGN_STYLE = Automatic;
				DEVELOPMENT_TEAM = 4P78C7E8TY;
				INFOPLIST_FILE = FYImageManagerDemoUITests/Info.plist;
				LD_RUNPATH_SEARCH_PATHS = "$(inherited) @executable_path/Frameworks @loader_path/Frameworks";
				PRODUCT_BUNDLE_IDENTIFIER = com.tongfy.FYImageManagerDemoUITests;
				PRODUCT_NAME = "$(TARGET_NAME)";
				TARGETED_DEVICE_FAMILY = "1,2";
				TEST_TARGET_NAME = FYImageManagerDemo;
			};
			name = Debug;
		};
		24E1725C1FB6F228004267BC /* Release */ = {
			isa = XCBuildConfiguration;
			buildSettings = {
				CODE_SIGN_STYLE = Automatic;
				DEVELOPMENT_TEAM = 4P78C7E8TY;
				INFOPLIST_FILE = FYImageManagerDemoUITests/Info.plist;
				LD_RUNPATH_SEARCH_PATHS = "$(inherited) @executable_path/Frameworks @loader_path/Frameworks";
				PRODUCT_BUNDLE_IDENTIFIER = com.tongfy.FYImageManagerDemoUITests;
				PRODUCT_NAME = "$(TARGET_NAME)";
				TARGETED_DEVICE_FAMILY = "1,2";
				TEST_TARGET_NAME = FYImageManagerDemo;
			};
			name = Release;
		};
/* End XCBuildConfiguration section */

/* Begin XCConfigurationList section */
		24E172231FB6F227004267BC /* Build configuration list for PBXProject "FYImageManagerDemo" */ = {
			isa = XCConfigurationList;
			buildConfigurations = (
				24E172521FB6F228004267BC /* Debug */,
				24E172531FB6F228004267BC /* Release */,
			);
			defaultConfigurationIsVisible = 0;
			defaultConfigurationName = Release;
		};
		24E172541FB6F228004267BC /* Build configuration list for PBXNativeTarget "FYImageManagerDemo" */ = {
			isa = XCConfigurationList;
			buildConfigurations = (
				24E172551FB6F228004267BC /* Debug */,
				24E172561FB6F228004267BC /* Release */,
			);
			defaultConfigurationIsVisible = 0;
			defaultConfigurationName = Release;
		};
		24E172571FB6F228004267BC /* Build configuration list for PBXNativeTarget "FYImageManagerDemoTests" */ = {
			isa = XCConfigurationList;
			buildConfigurations = (
				24E172581FB6F228004267BC /* Debug */,
				24E172591FB6F228004267BC /* Release */,
			);
			defaultConfigurationIsVisible = 0;
			defaultConfigurationName = Release;
		};
		24E1725A1FB6F228004267BC /* Build configuration list for PBXNativeTarget "FYImageManagerDemoUITests" */ = {
			isa = XCConfigurationList;
			buildConfigurations = (
				24E1725B1FB6F228004267BC /* Debug */,
				24E1725C1FB6F228004267BC /* Release */,
			);
			defaultConfigurationIsVisible = 0;
			defaultConfigurationName = Release;
		};
/* End XCConfigurationList section */
	};
	rootObject = 24E172201FB6F227004267BC /* Project object */;
}
